// !$*UTF8*$!
{
	archiveVersion = 1;
	classes = {
	};
	objectVersion = 46;
	objects = {

/* Begin PBXBuildFile section */
		1F13A2F31FB44B2D000AD5B4 /* Groups.storyboard in Resources */ = {isa = PBXBuildFile; fileRef = 1F13A2F21FB44B2D000AD5B4 /* Groups.storyboard */; };
		1F13A2F51FB44D97000AD5B4 /* Friends.storyboard in Resources */ = {isa = PBXBuildFile; fileRef = 1F13A2F41FB44D96000AD5B4 /* Friends.storyboard */; };
		1F13A2F71FB44DE1000AD5B4 /* News.storyboard in Resources */ = {isa = PBXBuildFile; fileRef = 1F13A2F61FB44DE1000AD5B4 /* News.storyboard */; };
		1F14C1651FCDD2FD004221A3 /* Messages.framework in Frameworks */ = {isa = PBXBuildFile; fileRef = 1F14C1641FCDD2FD004221A3 /* Messages.framework */; settings = {ATTRIBUTES = (Required, ); }; };
		1F14C16B1FCDD2FE004221A3 /* MainInterface.storyboard in Resources */ = {isa = PBXBuildFile; fileRef = 1F14C1691FCDD2FE004221A3 /* MainInterface.storyboard */; };
		1F14C1711FCDD2FE004221A3 /* iMessageVK.appex in Embed App Extensions */ = {isa = PBXBuildFile; fileRef = 1F14C1631FCDD2FD004221A3 /* iMessageVK.appex */; settings = {ATTRIBUTES = (RemoveHeadersOnCopy, ); }; };
		1F24821A1FCABF810017F645 /* Assets.xcassets in Resources */ = {isa = PBXBuildFile; fileRef = 1F5446D51F6EDCA000FAA2FF /* Assets.xcassets */; };
		1F24821B1FCAD86F0017F645 /* TodayViewController.swift in Sources */ = {isa = PBXBuildFile; fileRef = 1F9EB5351FC896CC0070ABCB /* TodayViewController.swift */; };
		1F25C02A1FA0F85A00E799D0 /* GetCacheImage.swift in Sources */ = {isa = PBXBuildFile; fileRef = 1F25C0291FA0F85A00E799D0 /* GetCacheImage.swift */; };
		1F2DD36A1FDA7C4B009A5F10 /* RemoteNotification.swift in Sources */ = {isa = PBXBuildFile; fileRef = 1F2DD3691FDA7C4B009A5F10 /* RemoteNotification.swift */; };
		1F2EDF411F8D0D8F00798E59 /* RealmMethodsForFriends.swift in Sources */ = {isa = PBXBuildFile; fileRef = 1F2EDF401F8D0D8F00798E59 /* RealmMethodsForFriends.swift */; };
		1F2EDF431F8D1ACD00798E59 /* RealmMethodsForPhoto.swift in Sources */ = {isa = PBXBuildFile; fileRef = 1F2EDF421F8D1ACD00798E59 /* RealmMethodsForPhoto.swift */; };
		1F34A1E31FC6AF40008E5B55 /* RealmMethodsForGroups.swift in Sources */ = {isa = PBXBuildFile; fileRef = 1F34A1E21FC6AF40008E5B55 /* RealmMethodsForGroups.swift */; };
		1F39AB7B1FCC0A1F008CCD50 /* ToDayTableViewCell.swift in Sources */ = {isa = PBXBuildFile; fileRef = 1F39AB7A1FCC0A1F008CCD50 /* ToDayTableViewCell.swift */; };
		1F39AB7C1FCC0A28008CCD50 /* ToDayTableViewCell.swift in Sources */ = {isa = PBXBuildFile; fileRef = 1F39AB7A1FCC0A1F008CCD50 /* ToDayTableViewCell.swift */; };
		1F39AB7E1FCC5D3F008CCD50 /* HandleSizingUI.swift in Sources */ = {isa = PBXBuildFile; fileRef = 1FE50AE21FAC6D950060E54B /* HandleSizingUI.swift */; };
		1F443C611FA24B53005ED345 /* SetImageToRow.swift in Sources */ = {isa = PBXBuildFile; fileRef = 1F443C601FA24B53005ED345 /* SetImageToRow.swift */; };
		1F47CA111FADD7DB007FF908 /* GoogleService-Info.plist in Resources */ = {isa = PBXBuildFile; fileRef = 1F47CA101FADD7DB007FF908 /* GoogleService-Info.plist */; };
		1F4E4B6E1F802AD20021B873 /* FriendsRequest.swift in Sources */ = {isa = PBXBuildFile; fileRef = 1F4E4B6D1F802AD20021B873 /* FriendsRequest.swift */; };
		1F4E4B701F802E410021B873 /* PhotosRequest.swift in Sources */ = {isa = PBXBuildFile; fileRef = 1F4E4B6F1F802E410021B873 /* PhotosRequest.swift */; };
		1F5446CF1F6EDC9F00FAA2FF /* AppDelegate.swift in Sources */ = {isa = PBXBuildFile; fileRef = 1F5446CE1F6EDC9F00FAA2FF /* AppDelegate.swift */; };
		1F5446D41F6EDC9F00FAA2FF /* Main.storyboard in Resources */ = {isa = PBXBuildFile; fileRef = 1F5446D21F6EDC9F00FAA2FF /* Main.storyboard */; };
		1F5446D61F6EDCA000FAA2FF /* Assets.xcassets in Resources */ = {isa = PBXBuildFile; fileRef = 1F5446D51F6EDCA000FAA2FF /* Assets.xcassets */; };
		1F5A87521F7E5EC000C967DA /* Group.swift in Sources */ = {isa = PBXBuildFile; fileRef = 1F5A87511F7E5EC000C967DA /* Group.swift */; };
		1F5B35061F932CD300360FCA /* NewsRequest.swift in Sources */ = {isa = PBXBuildFile; fileRef = 1F5B35051F932CD300360FCA /* NewsRequest.swift */; };
		1F5B35091F933FB600360FCA /* NewsController.swift in Sources */ = {isa = PBXBuildFile; fileRef = 1F5B35081F933FB600360FCA /* NewsController.swift */; };
		1F5B350B1F933FCF00360FCA /* NewsCell.swift in Sources */ = {isa = PBXBuildFile; fileRef = 1F5B350A1F933FCF00360FCA /* NewsCell.swift */; };
		1F62360B1F73F5D400C2EC13 /* AllFriendsController.swift in Sources */ = {isa = PBXBuildFile; fileRef = 1F62360A1F73F5D400C2EC13 /* AllFriendsController.swift */; };
		1F62360D1F73F76900C2EC13 /* AllFriendsCell.swift in Sources */ = {isa = PBXBuildFile; fileRef = 1F62360C1F73F76900C2EC13 /* AllFriendsCell.swift */; };
		1F6236101F741C2800C2EC13 /* FriendPhotoController.swift in Sources */ = {isa = PBXBuildFile; fileRef = 1F62360F1F741C2800C2EC13 /* FriendPhotoController.swift */; };
		1F6236121F741C5100C2EC13 /* FriendPhotoCell.swift in Sources */ = {isa = PBXBuildFile; fileRef = 1F6236111F741C5100C2EC13 /* FriendPhotoCell.swift */; };
		1F6236161F75263900C2EC13 /* AllGroupsController.swift in Sources */ = {isa = PBXBuildFile; fileRef = 1F6236151F75263900C2EC13 /* AllGroupsController.swift */; };
		1F6236181F75267E00C2EC13 /* AllGroupsCell.swift in Sources */ = {isa = PBXBuildFile; fileRef = 1F6236171F75267E00C2EC13 /* AllGroupsCell.swift */; };
		1F62361A1F752D5300C2EC13 /* MyGroupsController.swift in Sources */ = {isa = PBXBuildFile; fileRef = 1F6236191F752D5300C2EC13 /* MyGroupsController.swift */; };
		1F62361C1F752D7000C2EC13 /* MyGroupsCell.swift in Sources */ = {isa = PBXBuildFile; fileRef = 1F62361B1F752D7000C2EC13 /* MyGroupsCell.swift */; };
		1F66F0DA1F9E8A6600D74D4E /* PhotoService.swift in Sources */ = {isa = PBXBuildFile; fileRef = 1F66F0D91F9E8A6600D74D4E /* PhotoService.swift */; };
		1F6A68091FB7854B0038A390 /* NewsMethods.swift in Sources */ = {isa = PBXBuildFile; fileRef = 1F6A68081FB7854B0038A390 /* NewsMethods.swift */; };
		1F6A680C1FB833E00038A390 /* ChatCell.swift in Sources */ = {isa = PBXBuildFile; fileRef = 1F6A680B1FB833E00038A390 /* ChatCell.swift */; };
		1F6A680E1FB834100038A390 /* ChatController.swift in Sources */ = {isa = PBXBuildFile; fileRef = 1F6A680D1FB834100038A390 /* ChatController.swift */; };
		1F6A68121FB860FF0038A390 /* Chat.storyboard in Resources */ = {isa = PBXBuildFile; fileRef = 1F6A68141FB860FF0038A390 /* Chat.storyboard */; };
		1F6A68181FB865110038A390 /* ChatRequest.swift in Sources */ = {isa = PBXBuildFile; fileRef = 1F6A68171FB865110038A390 /* ChatRequest.swift */; };
		1F6A681A1FB8B8AC0038A390 /* Chat.swift in Sources */ = {isa = PBXBuildFile; fileRef = 1F6A68191FB8B8AC0038A390 /* Chat.swift */; };
		1F6A681C1FB9D2B10038A390 /* ChatMethods.swift in Sources */ = {isa = PBXBuildFile; fileRef = 1F6A681B1FB9D2B10038A390 /* ChatMethods.swift */; };
		1F6A68211FBA06580038A390 /* DialogController.swift in Sources */ = {isa = PBXBuildFile; fileRef = 1F6A681F1FBA06580038A390 /* DialogController.swift */; };
		1F6A68241FBA0D580038A390 /* RealmMethodsForDialogs.swift in Sources */ = {isa = PBXBuildFile; fileRef = 1F6A68231FBA0D580038A390 /* RealmMethodsForDialogs.swift */; };
		1F6A68261FBAE49F0038A390 /* DialogCell.swift in Sources */ = {isa = PBXBuildFile; fileRef = 1F6A68251FBAE49F0038A390 /* DialogCell.swift */; };
		1F6A68281FBB11810038A390 /* RealmMethodsForMessages.swift in Sources */ = {isa = PBXBuildFile; fileRef = 1F6A68271FBB11810038A390 /* RealmMethodsForMessages.swift */; };
		1F6A682A1FBB372B0038A390 /* DialogMethods.swift in Sources */ = {isa = PBXBuildFile; fileRef = 1F6A68291FBB372A0038A390 /* DialogMethods.swift */; };
		1F708B9F1FB05A2100ACE7FF /* FireBaseStruct.swift in Sources */ = {isa = PBXBuildFile; fileRef = 1F708B9E1FB05A2100ACE7FF /* FireBaseStruct.swift */; };
		1F78C3131FC58E6D00E53F19 /* CloudKit.framework in Frameworks */ = {isa = PBXBuildFile; fileRef = 1F78C3121FC58E6D00E53F19 /* CloudKit.framework */; };
		1F78C3191FC5AA8F00E53F19 /* MyCloud.swift in Sources */ = {isa = PBXBuildFile; fileRef = 1F78C3181FC5AA8F00E53F19 /* MyCloud.swift */; };
		1F7D00F71F90D19700BE6E71 /* RequestMethods.swift in Sources */ = {isa = PBXBuildFile; fileRef = 1F7D00F61F90D19700BE6E71 /* RequestMethods.swift */; };
		1F8FF3171FCEECB3000D934F /* MessagesViewController.swift in Sources */ = {isa = PBXBuildFile; fileRef = 1F14C1671FCDD2FD004221A3 /* MessagesViewController.swift */; };
		1F99445E1F77C6C400351C0A /* VKService.swift in Sources */ = {isa = PBXBuildFile; fileRef = 1F99445D1F77C6C400351C0A /* VKService.swift */; };
		1F9EB5331FC896CC0070ABCB /* NotificationCenter.framework in Frameworks */ = {isa = PBXBuildFile; fileRef = 1F9EB5321FC896CC0070ABCB /* NotificationCenter.framework */; };
		1F9EB5361FC896CC0070ABCB /* TodayViewController.swift in Sources */ = {isa = PBXBuildFile; fileRef = 1F9EB5351FC896CC0070ABCB /* TodayViewController.swift */; };
		1F9EB5391FC896CC0070ABCB /* MainInterface.storyboard in Resources */ = {isa = PBXBuildFile; fileRef = 1F9EB5371FC896CC0070ABCB /* MainInterface.storyboard */; };
		1F9EB53D1FC896CC0070ABCB /* ToDayVK.appex in Embed App Extensions */ = {isa = PBXBuildFile; fileRef = 1F9EB5311FC896CC0070ABCB /* ToDayVK.appex */; settings = {ATTRIBUTES = (RemoveHeadersOnCopy, ); }; };
		1FAA1C6D1FBC45FB00354807 /* PostController.swift in Sources */ = {isa = PBXBuildFile; fileRef = 1FAA1C6C1FBC45FB00354807 /* PostController.swift */; };
		1FAA1C6F1FBCB62E00354807 /* PostRequest.swift in Sources */ = {isa = PBXBuildFile; fileRef = 1FAA1C6E1FBCB62E00354807 /* PostRequest.swift */; };
		1FAA1C711FBDA23700354807 /* MapController.swift in Sources */ = {isa = PBXBuildFile; fileRef = 1FAA1C701FBDA23700354807 /* MapController.swift */; };
		1FAA1C741FBDC15500354807 /* LocationManager.swift in Sources */ = {isa = PBXBuildFile; fileRef = 1FAA1C731FBDC15500354807 /* LocationManager.swift */; };
		1FAA1C781FBDFE3100354807 /* MapTableCell.swift in Sources */ = {isa = PBXBuildFile; fileRef = 1FAA1C771FBDFE3100354807 /* MapTableCell.swift */; };
		1FAA1C7A1FBDFECC00354807 /* Map.storyboard in Resources */ = {isa = PBXBuildFile; fileRef = 1FAA1C791FBDFECC00354807 /* Map.storyboard */; };
		1FAB65C81FCF2EFE0004F0AE /* MessagesViewController.swift in Sources */ = {isa = PBXBuildFile; fileRef = 1F14C1671FCDD2FD004221A3 /* MessagesViewController.swift */; };
		1FAB65CA1FCF353D0004F0AE /* Assets.xcassets in Resources */ = {isa = PBXBuildFile; fileRef = 1F14C16C1FCDD2FE004221A3 /* Assets.xcassets */; };
		1FBB090F1FD84FF70066F1F6 /* VKLocalNotification.swift in Sources */ = {isa = PBXBuildFile; fileRef = 1FBB090E1FD84FF70066F1F6 /* VKLocalNotification.swift */; };
		1FCF336F206EA53F0025C77A /* ParserVK.swift in Sources */ = {isa = PBXBuildFile; fileRef = 1FCF336E206EA53F0025C77A /* ParserVK.swift */; };
		1FDA2F5C1FE953120013CBC3 /* ButtonItem.swift in Sources */ = {isa = PBXBuildFile; fileRef = 1FDA2F5B1FE953120013CBC3 /* ButtonItem.swift */; };
		1FE040AF1FD5754A00ADEAF3 /* Interface.storyboard in Resources */ = {isa = PBXBuildFile; fileRef = 1FE040AD1FD5754A00ADEAF3 /* Interface.storyboard */; };
		1FE040B11FD5754A00ADEAF3 /* Assets.xcassets in Resources */ = {isa = PBXBuildFile; fileRef = 1FE040B01FD5754A00ADEAF3 /* Assets.xcassets */; };
		1FE040B81FD5754A00ADEAF3 /* myWatch Extension.appex in Embed App Extensions */ = {isa = PBXBuildFile; fileRef = 1FE040B71FD5754A00ADEAF3 /* myWatch Extension.appex */; settings = {ATTRIBUTES = (RemoveHeadersOnCopy, ); }; };
		1FE040BD1FD5754B00ADEAF3 /* InterfaceController.swift in Sources */ = {isa = PBXBuildFile; fileRef = 1FE040BC1FD5754B00ADEAF3 /* InterfaceController.swift */; };
		1FE040BF1FD5754B00ADEAF3 /* ExtensionDelegate.swift in Sources */ = {isa = PBXBuildFile; fileRef = 1FE040BE1FD5754B00ADEAF3 /* ExtensionDelegate.swift */; };
		1FE040C11FD5754B00ADEAF3 /* NotificationController.swift in Sources */ = {isa = PBXBuildFile; fileRef = 1FE040C01FD5754B00ADEAF3 /* NotificationController.swift */; };
		1FE040C31FD5754B00ADEAF3 /* Assets.xcassets in Resources */ = {isa = PBXBuildFile; fileRef = 1FE040C21FD5754B00ADEAF3 /* Assets.xcassets */; };
		1FE040C81FD5754B00ADEAF3 /* myWatch.app in Embed Watch Content */ = {isa = PBXBuildFile; fileRef = 1FE040AB1FD5754A00ADEAF3 /* myWatch.app */; };
		1FE040D41FD580EA00ADEAF3 /* MyWatchInterfaceController.swift in Sources */ = {isa = PBXBuildFile; fileRef = 1FE040D31FD580EA00ADEAF3 /* MyWatchInterfaceController.swift */; };
		1FE040D61FD582BE00ADEAF3 /* NewRow.swift in Sources */ = {isa = PBXBuildFile; fileRef = 1FE040D51FD582BE00ADEAF3 /* NewRow.swift */; };
		1FE040D81FD5853100ADEAF3 /* NewWatch.swift in Sources */ = {isa = PBXBuildFile; fileRef = 1FE040D71FD5853100ADEAF3 /* NewWatch.swift */; };
		1FE50AE31FAC6D950060E54B /* HandleSizingUI.swift in Sources */ = {isa = PBXBuildFile; fileRef = 1FE50AE21FAC6D950060E54B /* HandleSizingUI.swift */; };
		1FEEA4201F86A359004FB74A /* GroupsDataRequest.swift in Sources */ = {isa = PBXBuildFile; fileRef = 1FEEA41F1F86A359004FB74A /* GroupsDataRequest.swift */; };
		1FEEB3311F7CED0F00010A3F /* Friend.swift in Sources */ = {isa = PBXBuildFile; fileRef = 1FEEB3301F7CED0F00010A3F /* Friend.swift */; };
		1FEEB3331F7D8C1000010A3F /* Photo.swift in Sources */ = {isa = PBXBuildFile; fileRef = 1FEEB3321F7D8C1000010A3F /* Photo.swift */; };
		1FF641CE1FDD5EBA004ABEB0 /* RegistrationVKPush.swift in Sources */ = {isa = PBXBuildFile; fileRef = 1FF641CD1FDD5EBA004ABEB0 /* RegistrationVKPush.swift */; };
		492C89AF6FCB7C7A59CB9CED /* Pods_vk.framework in Frameworks */ = {isa = PBXBuildFile; fileRef = CD24C68CE0F769C0BC431145 /* Pods_vk.framework */; };
/* End PBXBuildFile section */

/* Begin PBXContainerItemProxy section */
		1F14C16F1FCDD2FE004221A3 /* PBXContainerItemProxy */ = {
			isa = PBXContainerItemProxy;
			containerPortal = 1F5446C31F6EDC9F00FAA2FF /* Project object */;
			proxyType = 1;
			remoteGlobalIDString = 1F14C1621FCDD2FD004221A3;
			remoteInfo = iMessageVK;
		};
		1F9EB53B1FC896CC0070ABCB /* PBXContainerItemProxy */ = {
			isa = PBXContainerItemProxy;
			containerPortal = 1F5446C31F6EDC9F00FAA2FF /* Project object */;
			proxyType = 1;
			remoteGlobalIDString = 1F9EB5301FC896CC0070ABCB;
			remoteInfo = ToDayVK;
		};
		1FE040B91FD5754A00ADEAF3 /* PBXContainerItemProxy */ = {
			isa = PBXContainerItemProxy;
			containerPortal = 1F5446C31F6EDC9F00FAA2FF /* Project object */;
			proxyType = 1;
			remoteGlobalIDString = 1FE040B61FD5754A00ADEAF3;
			remoteInfo = "myWatch Extension";
		};
		1FE040C61FD5754B00ADEAF3 /* PBXContainerItemProxy */ = {
			isa = PBXContainerItemProxy;
			containerPortal = 1F5446C31F6EDC9F00FAA2FF /* Project object */;
			proxyType = 1;
			remoteGlobalIDString = 1FE040AA1FD5754A00ADEAF3;
			remoteInfo = myWatch;
		};
/* End PBXContainerItemProxy section */

/* Begin PBXCopyFilesBuildPhase section */
		1F9EB5411FC896CC0070ABCB /* Embed App Extensions */ = {
			isa = PBXCopyFilesBuildPhase;
			buildActionMask = 2147483647;
			dstPath = "";
			dstSubfolderSpec = 13;
			files = (
				1F9EB53D1FC896CC0070ABCB /* ToDayVK.appex in Embed App Extensions */,
				1F14C1711FCDD2FE004221A3 /* iMessageVK.appex in Embed App Extensions */,
			);
			name = "Embed App Extensions";
			runOnlyForDeploymentPostprocessing = 0;
		};
		1FE040CE1FD5754B00ADEAF3 /* Embed App Extensions */ = {
			isa = PBXCopyFilesBuildPhase;
			buildActionMask = 2147483647;
			dstPath = "";
			dstSubfolderSpec = 13;
			files = (
				1FE040B81FD5754A00ADEAF3 /* myWatch Extension.appex in Embed App Extensions */,
			);
			name = "Embed App Extensions";
			runOnlyForDeploymentPostprocessing = 0;
		};
		1FE040D01FD5754B00ADEAF3 /* Embed Watch Content */ = {
			isa = PBXCopyFilesBuildPhase;
			buildActionMask = 2147483647;
			dstPath = "$(CONTENTS_FOLDER_PATH)/Watch";
			dstSubfolderSpec = 16;
			files = (
				1FE040C81FD5754B00ADEAF3 /* myWatch.app in Embed Watch Content */,
			);
			name = "Embed Watch Content";
			runOnlyForDeploymentPostprocessing = 0;
		};
/* End PBXCopyFilesBuildPhase section */

/* Begin PBXFileReference section */
		016E847BB108BB55FF5C21D5 /* Pods-vk.release.xcconfig */ = {isa = PBXFileReference; includeInIndex = 1; lastKnownFileType = text.xcconfig; name = "Pods-vk.release.xcconfig"; path = "Pods/Target Support Files/Pods-vk/Pods-vk.release.xcconfig"; sourceTree = "<group>"; };
		1F13A2F21FB44B2D000AD5B4 /* Groups.storyboard */ = {isa = PBXFileReference; fileEncoding = 4; lastKnownFileType = file.storyboard; path = Groups.storyboard; sourceTree = "<group>"; };
		1F13A2F41FB44D96000AD5B4 /* Friends.storyboard */ = {isa = PBXFileReference; fileEncoding = 4; lastKnownFileType = file.storyboard; path = Friends.storyboard; sourceTree = "<group>"; };
		1F13A2F61FB44DE1000AD5B4 /* News.storyboard */ = {isa = PBXFileReference; fileEncoding = 4; lastKnownFileType = file.storyboard; path = News.storyboard; sourceTree = "<group>"; };
		1F14C1631FCDD2FD004221A3 /* iMessageVK.appex */ = {isa = PBXFileReference; explicitFileType = "wrapper.app-extension"; includeInIndex = 0; path = iMessageVK.appex; sourceTree = BUILT_PRODUCTS_DIR; };
		1F14C1641FCDD2FD004221A3 /* Messages.framework */ = {isa = PBXFileReference; lastKnownFileType = wrapper.framework; name = Messages.framework; path = System/Library/Frameworks/Messages.framework; sourceTree = SDKROOT; };
		1F14C1671FCDD2FD004221A3 /* MessagesViewController.swift */ = {isa = PBXFileReference; lastKnownFileType = sourcecode.swift; path = MessagesViewController.swift; sourceTree = "<group>"; };
		1F14C16A1FCDD2FE004221A3 /* Base */ = {isa = PBXFileReference; lastKnownFileType = file.storyboard; name = Base; path = Base.lproj/MainInterface.storyboard; sourceTree = "<group>"; };
		1F14C16C1FCDD2FE004221A3 /* Assets.xcassets */ = {isa = PBXFileReference; lastKnownFileType = folder.assetcatalog; path = Assets.xcassets; sourceTree = "<group>"; };
		1F14C16E1FCDD2FE004221A3 /* Info.plist */ = {isa = PBXFileReference; lastKnownFileType = text.plist.xml; path = Info.plist; sourceTree = "<group>"; };
		1F25C0291FA0F85A00E799D0 /* GetCacheImage.swift */ = {isa = PBXFileReference; lastKnownFileType = sourcecode.swift; path = GetCacheImage.swift; sourceTree = "<group>"; };
		1F2DD3691FDA7C4B009A5F10 /* RemoteNotification.swift */ = {isa = PBXFileReference; lastKnownFileType = sourcecode.swift; path = RemoteNotification.swift; sourceTree = "<group>"; };
		1F2EDF401F8D0D8F00798E59 /* RealmMethodsForFriends.swift */ = {isa = PBXFileReference; lastKnownFileType = sourcecode.swift; path = RealmMethodsForFriends.swift; sourceTree = "<group>"; };
		1F2EDF421F8D1ACD00798E59 /* RealmMethodsForPhoto.swift */ = {isa = PBXFileReference; lastKnownFileType = sourcecode.swift; path = RealmMethodsForPhoto.swift; sourceTree = "<group>"; };
		1F30FF2E1FCAE3F500C12BE7 /* ToDayVK.entitlements */ = {isa = PBXFileReference; lastKnownFileType = text.plist.entitlements; path = ToDayVK.entitlements; sourceTree = "<group>"; };
		1F34A1E21FC6AF40008E5B55 /* RealmMethodsForGroups.swift */ = {isa = PBXFileReference; lastKnownFileType = sourcecode.swift; path = RealmMethodsForGroups.swift; sourceTree = "<group>"; };
		1F39AB7A1FCC0A1F008CCD50 /* ToDayTableViewCell.swift */ = {isa = PBXFileReference; lastKnownFileType = sourcecode.swift; path = ToDayTableViewCell.swift; sourceTree = "<group>"; };
		1F443C601FA24B53005ED345 /* SetImageToRow.swift */ = {isa = PBXFileReference; lastKnownFileType = sourcecode.swift; path = SetImageToRow.swift; sourceTree = "<group>"; };
		1F47CA101FADD7DB007FF908 /* GoogleService-Info.plist */ = {isa = PBXFileReference; fileEncoding = 4; lastKnownFileType = text.plist.xml; path = "GoogleService-Info.plist"; sourceTree = "<group>"; };
		1F4BE7C01FC31A7500E1C0A1 /* vk.entitlements */ = {isa = PBXFileReference; lastKnownFileType = text.plist.entitlements; path = vk.entitlements; sourceTree = "<group>"; };
		1F4E4B6D1F802AD20021B873 /* FriendsRequest.swift */ = {isa = PBXFileReference; lastKnownFileType = sourcecode.swift; path = FriendsRequest.swift; sourceTree = "<group>"; };
		1F4E4B6F1F802E410021B873 /* PhotosRequest.swift */ = {isa = PBXFileReference; lastKnownFileType = sourcecode.swift; path = PhotosRequest.swift; sourceTree = "<group>"; };
		1F5446CB1F6EDC9F00FAA2FF /* vk.app */ = {isa = PBXFileReference; explicitFileType = wrapper.application; includeInIndex = 0; path = vk.app; sourceTree = BUILT_PRODUCTS_DIR; };
		1F5446CE1F6EDC9F00FAA2FF /* AppDelegate.swift */ = {isa = PBXFileReference; lastKnownFileType = sourcecode.swift; path = AppDelegate.swift; sourceTree = "<group>"; };
		1F5446D31F6EDC9F00FAA2FF /* Base */ = {isa = PBXFileReference; lastKnownFileType = file.storyboard; name = Base; path = Base.lproj/Main.storyboard; sourceTree = "<group>"; };
		1F5446D51F6EDCA000FAA2FF /* Assets.xcassets */ = {isa = PBXFileReference; lastKnownFileType = folder.assetcatalog; path = Assets.xcassets; sourceTree = "<group>"; };
		1F5446DA1F6EDCA000FAA2FF /* Info.plist */ = {isa = PBXFileReference; lastKnownFileType = text.plist.xml; path = Info.plist; sourceTree = "<group>"; };
		1F5A87511F7E5EC000C967DA /* Group.swift */ = {isa = PBXFileReference; lastKnownFileType = sourcecode.swift; path = Group.swift; sourceTree = "<group>"; };
		1F5B35051F932CD300360FCA /* NewsRequest.swift */ = {isa = PBXFileReference; lastKnownFileType = sourcecode.swift; path = NewsRequest.swift; sourceTree = "<group>"; };
		1F5B35081F933FB600360FCA /* NewsController.swift */ = {isa = PBXFileReference; lastKnownFileType = sourcecode.swift; path = NewsController.swift; sourceTree = "<group>"; };
		1F5B350A1F933FCF00360FCA /* NewsCell.swift */ = {isa = PBXFileReference; lastKnownFileType = sourcecode.swift; path = NewsCell.swift; sourceTree = "<group>"; };
		1F62360A1F73F5D400C2EC13 /* AllFriendsController.swift */ = {isa = PBXFileReference; fileEncoding = 4; lastKnownFileType = sourcecode.swift; path = AllFriendsController.swift; sourceTree = "<group>"; };
		1F62360C1F73F76900C2EC13 /* AllFriendsCell.swift */ = {isa = PBXFileReference; fileEncoding = 4; lastKnownFileType = sourcecode.swift; path = AllFriendsCell.swift; sourceTree = "<group>"; };
		1F62360F1F741C2800C2EC13 /* FriendPhotoController.swift */ = {isa = PBXFileReference; fileEncoding = 4; lastKnownFileType = sourcecode.swift; path = FriendPhotoController.swift; sourceTree = "<group>"; };
		1F6236111F741C5100C2EC13 /* FriendPhotoCell.swift */ = {isa = PBXFileReference; fileEncoding = 4; lastKnownFileType = sourcecode.swift; path = FriendPhotoCell.swift; sourceTree = "<group>"; };
		1F6236151F75263900C2EC13 /* AllGroupsController.swift */ = {isa = PBXFileReference; fileEncoding = 4; lastKnownFileType = sourcecode.swift; path = AllGroupsController.swift; sourceTree = "<group>"; };
		1F6236171F75267E00C2EC13 /* AllGroupsCell.swift */ = {isa = PBXFileReference; fileEncoding = 4; lastKnownFileType = sourcecode.swift; path = AllGroupsCell.swift; sourceTree = "<group>"; };
		1F6236191F752D5300C2EC13 /* MyGroupsController.swift */ = {isa = PBXFileReference; fileEncoding = 4; lastKnownFileType = sourcecode.swift; path = MyGroupsController.swift; sourceTree = "<group>"; };
		1F62361B1F752D7000C2EC13 /* MyGroupsCell.swift */ = {isa = PBXFileReference; fileEncoding = 4; lastKnownFileType = sourcecode.swift; path = MyGroupsCell.swift; sourceTree = "<group>"; };
		1F66F0D91F9E8A6600D74D4E /* PhotoService.swift */ = {isa = PBXFileReference; lastKnownFileType = sourcecode.swift; path = PhotoService.swift; sourceTree = "<group>"; };
		1F6A68081FB7854B0038A390 /* NewsMethods.swift */ = {isa = PBXFileReference; lastKnownFileType = sourcecode.swift; path = NewsMethods.swift; sourceTree = "<group>"; };
		1F6A680B1FB833E00038A390 /* ChatCell.swift */ = {isa = PBXFileReference; lastKnownFileType = sourcecode.swift; path = ChatCell.swift; sourceTree = "<group>"; };
		1F6A680D1FB834100038A390 /* ChatController.swift */ = {isa = PBXFileReference; lastKnownFileType = sourcecode.swift; path = ChatController.swift; sourceTree = "<group>"; };
		1F6A68131FB860FF0038A390 /* Base */ = {isa = PBXFileReference; lastKnownFileType = file.storyboard; name = Base; path = Base.lproj/Chat.storyboard; sourceTree = "<group>"; };
		1F6A68171FB865110038A390 /* ChatRequest.swift */ = {isa = PBXFileReference; lastKnownFileType = sourcecode.swift; path = ChatRequest.swift; sourceTree = "<group>"; };
		1F6A68191FB8B8AC0038A390 /* Chat.swift */ = {isa = PBXFileReference; lastKnownFileType = sourcecode.swift; path = Chat.swift; sourceTree = "<group>"; };
		1F6A681B1FB9D2B10038A390 /* ChatMethods.swift */ = {isa = PBXFileReference; lastKnownFileType = sourcecode.swift; path = ChatMethods.swift; sourceTree = "<group>"; };
		1F6A681F1FBA06580038A390 /* DialogController.swift */ = {isa = PBXFileReference; lastKnownFileType = sourcecode.swift; path = DialogController.swift; sourceTree = "<group>"; };
		1F6A68231FBA0D580038A390 /* RealmMethodsForDialogs.swift */ = {isa = PBXFileReference; lastKnownFileType = sourcecode.swift; path = RealmMethodsForDialogs.swift; sourceTree = "<group>"; };
		1F6A68251FBAE49F0038A390 /* DialogCell.swift */ = {isa = PBXFileReference; lastKnownFileType = sourcecode.swift; path = DialogCell.swift; sourceTree = "<group>"; };
		1F6A68271FBB11810038A390 /* RealmMethodsForMessages.swift */ = {isa = PBXFileReference; lastKnownFileType = sourcecode.swift; path = RealmMethodsForMessages.swift; sourceTree = "<group>"; };
		1F6A68291FBB372A0038A390 /* DialogMethods.swift */ = {isa = PBXFileReference; lastKnownFileType = sourcecode.swift; path = DialogMethods.swift; sourceTree = "<group>"; };
		1F708B9E1FB05A2100ACE7FF /* FireBaseStruct.swift */ = {isa = PBXFileReference; lastKnownFileType = sourcecode.swift; path = FireBaseStruct.swift; sourceTree = "<group>"; };
		1F78C3121FC58E6D00E53F19 /* CloudKit.framework */ = {isa = PBXFileReference; lastKnownFileType = wrapper.framework; name = CloudKit.framework; path = System/Library/Frameworks/CloudKit.framework; sourceTree = SDKROOT; };
		1F78C3181FC5AA8F00E53F19 /* MyCloud.swift */ = {isa = PBXFileReference; lastKnownFileType = sourcecode.swift; path = MyCloud.swift; sourceTree = "<group>"; };
		1F7D00F61F90D19700BE6E71 /* RequestMethods.swift */ = {isa = PBXFileReference; lastKnownFileType = sourcecode.swift; path = RequestMethods.swift; sourceTree = "<group>"; };
		1F99445D1F77C6C400351C0A /* VKService.swift */ = {isa = PBXFileReference; lastKnownFileType = sourcecode.swift; path = VKService.swift; sourceTree = "<group>"; };
		1F9EB5311FC896CC0070ABCB /* ToDayVK.appex */ = {isa = PBXFileReference; explicitFileType = "wrapper.app-extension"; includeInIndex = 0; path = ToDayVK.appex; sourceTree = BUILT_PRODUCTS_DIR; };
		1F9EB5321FC896CC0070ABCB /* NotificationCenter.framework */ = {isa = PBXFileReference; lastKnownFileType = wrapper.framework; name = NotificationCenter.framework; path = System/Library/Frameworks/NotificationCenter.framework; sourceTree = SDKROOT; };
		1F9EB5351FC896CC0070ABCB /* TodayViewController.swift */ = {isa = PBXFileReference; lastKnownFileType = sourcecode.swift; path = TodayViewController.swift; sourceTree = "<group>"; };
		1F9EB5381FC896CC0070ABCB /* Base */ = {isa = PBXFileReference; lastKnownFileType = file.storyboard; name = Base; path = Base.lproj/MainInterface.storyboard; sourceTree = "<group>"; };
		1F9EB53A1FC896CC0070ABCB /* Info.plist */ = {isa = PBXFileReference; lastKnownFileType = text.plist.xml; path = Info.plist; sourceTree = "<group>"; };
		1FAA1C6C1FBC45FB00354807 /* PostController.swift */ = {isa = PBXFileReference; lastKnownFileType = sourcecode.swift; path = PostController.swift; sourceTree = "<group>"; };
		1FAA1C6E1FBCB62E00354807 /* PostRequest.swift */ = {isa = PBXFileReference; lastKnownFileType = sourcecode.swift; path = PostRequest.swift; sourceTree = "<group>"; };
		1FAA1C701FBDA23700354807 /* MapController.swift */ = {isa = PBXFileReference; lastKnownFileType = sourcecode.swift; path = MapController.swift; sourceTree = "<group>"; };
		1FAA1C731FBDC15500354807 /* LocationManager.swift */ = {isa = PBXFileReference; lastKnownFileType = sourcecode.swift; path = LocationManager.swift; sourceTree = "<group>"; };
		1FAA1C771FBDFE3100354807 /* MapTableCell.swift */ = {isa = PBXFileReference; lastKnownFileType = sourcecode.swift; path = MapTableCell.swift; sourceTree = "<group>"; };
		1FAA1C791FBDFECC00354807 /* Map.storyboard */ = {isa = PBXFileReference; fileEncoding = 4; lastKnownFileType = file.storyboard; path = Map.storyboard; sourceTree = "<group>"; };
		1FBB090E1FD84FF70066F1F6 /* VKLocalNotification.swift */ = {isa = PBXFileReference; lastKnownFileType = sourcecode.swift; path = VKLocalNotification.swift; sourceTree = "<group>"; };
		1FC0F7191FCECFDB0090AFD1 /* iMessageVK.entitlements */ = {isa = PBXFileReference; lastKnownFileType = text.plist.entitlements; path = iMessageVK.entitlements; sourceTree = "<group>"; };
		1FCF336E206EA53F0025C77A /* ParserVK.swift */ = {isa = PBXFileReference; lastKnownFileType = sourcecode.swift; path = ParserVK.swift; sourceTree = "<group>"; };
		1FDA2F5B1FE953120013CBC3 /* ButtonItem.swift */ = {isa = PBXFileReference; lastKnownFileType = sourcecode.swift; path = ButtonItem.swift; sourceTree = "<group>"; };
		1FE040AB1FD5754A00ADEAF3 /* myWatch.app */ = {isa = PBXFileReference; explicitFileType = wrapper.application; includeInIndex = 0; path = myWatch.app; sourceTree = BUILT_PRODUCTS_DIR; };
		1FE040AE1FD5754A00ADEAF3 /* Base */ = {isa = PBXFileReference; lastKnownFileType = file.storyboard; name = Base; path = Base.lproj/Interface.storyboard; sourceTree = "<group>"; };
		1FE040B01FD5754A00ADEAF3 /* Assets.xcassets */ = {isa = PBXFileReference; lastKnownFileType = folder.assetcatalog; path = Assets.xcassets; sourceTree = "<group>"; };
		1FE040B21FD5754A00ADEAF3 /* Info.plist */ = {isa = PBXFileReference; lastKnownFileType = text.plist.xml; path = Info.plist; sourceTree = "<group>"; };
		1FE040B71FD5754A00ADEAF3 /* myWatch Extension.appex */ = {isa = PBXFileReference; explicitFileType = "wrapper.app-extension"; includeInIndex = 0; path = "myWatch Extension.appex"; sourceTree = BUILT_PRODUCTS_DIR; };
		1FE040BC1FD5754B00ADEAF3 /* InterfaceController.swift */ = {isa = PBXFileReference; lastKnownFileType = sourcecode.swift; path = InterfaceController.swift; sourceTree = "<group>"; };
		1FE040BE1FD5754B00ADEAF3 /* ExtensionDelegate.swift */ = {isa = PBXFileReference; lastKnownFileType = sourcecode.swift; path = ExtensionDelegate.swift; sourceTree = "<group>"; };
		1FE040C01FD5754B00ADEAF3 /* NotificationController.swift */ = {isa = PBXFileReference; lastKnownFileType = sourcecode.swift; path = NotificationController.swift; sourceTree = "<group>"; };
		1FE040C21FD5754B00ADEAF3 /* Assets.xcassets */ = {isa = PBXFileReference; lastKnownFileType = folder.assetcatalog; path = Assets.xcassets; sourceTree = "<group>"; };
		1FE040C41FD5754B00ADEAF3 /* Info.plist */ = {isa = PBXFileReference; lastKnownFileType = text.plist.xml; path = Info.plist; sourceTree = "<group>"; };
		1FE040C51FD5754B00ADEAF3 /* PushNotificationPayload.apns */ = {isa = PBXFileReference; lastKnownFileType = text; path = PushNotificationPayload.apns; sourceTree = "<group>"; };
		1FE040D11FD575CA00ADEAF3 /* myWatch.entitlements */ = {isa = PBXFileReference; lastKnownFileType = text.plist.entitlements; path = myWatch.entitlements; sourceTree = "<group>"; };
		1FE040D21FD575DE00ADEAF3 /* myWatch Extension.entitlements */ = {isa = PBXFileReference; lastKnownFileType = text.plist.entitlements; path = "myWatch Extension.entitlements"; sourceTree = "<group>"; };
		1FE040D31FD580EA00ADEAF3 /* MyWatchInterfaceController.swift */ = {isa = PBXFileReference; lastKnownFileType = sourcecode.swift; path = MyWatchInterfaceController.swift; sourceTree = "<group>"; };
		1FE040D51FD582BE00ADEAF3 /* NewRow.swift */ = {isa = PBXFileReference; lastKnownFileType = sourcecode.swift; path = NewRow.swift; sourceTree = "<group>"; };
		1FE040D71FD5853100ADEAF3 /* NewWatch.swift */ = {isa = PBXFileReference; lastKnownFileType = sourcecode.swift; path = NewWatch.swift; sourceTree = "<group>"; };
		1FE50AE21FAC6D950060E54B /* HandleSizingUI.swift */ = {isa = PBXFileReference; lastKnownFileType = sourcecode.swift; path = HandleSizingUI.swift; sourceTree = "<group>"; };
		1FEEA41F1F86A359004FB74A /* GroupsDataRequest.swift */ = {isa = PBXFileReference; lastKnownFileType = sourcecode.swift; path = GroupsDataRequest.swift; sourceTree = "<group>"; };
		1FEEB3301F7CED0F00010A3F /* Friend.swift */ = {isa = PBXFileReference; lastKnownFileType = sourcecode.swift; path = Friend.swift; sourceTree = "<group>"; };
		1FEEB3321F7D8C1000010A3F /* Photo.swift */ = {isa = PBXFileReference; lastKnownFileType = sourcecode.swift; path = Photo.swift; sourceTree = "<group>"; };
		1FF641CD1FDD5EBA004ABEB0 /* RegistrationVKPush.swift */ = {isa = PBXFileReference; lastKnownFileType = sourcecode.swift; path = RegistrationVKPush.swift; sourceTree = "<group>"; };
		8A7DCEABC9A742D020D4FA6E /* Pods-vk.debug.xcconfig */ = {isa = PBXFileReference; includeInIndex = 1; lastKnownFileType = text.xcconfig; name = "Pods-vk.debug.xcconfig"; path = "Pods/Target Support Files/Pods-vk/Pods-vk.debug.xcconfig"; sourceTree = "<group>"; };
		CD24C68CE0F769C0BC431145 /* Pods_vk.framework */ = {isa = PBXFileReference; explicitFileType = wrapper.framework; includeInIndex = 0; path = Pods_vk.framework; sourceTree = BUILT_PRODUCTS_DIR; };
/* End PBXFileReference section */

/* Begin PBXFrameworksBuildPhase section */
		1F14C1601FCDD2FD004221A3 /* Frameworks */ = {
			isa = PBXFrameworksBuildPhase;
			buildActionMask = 2147483647;
			files = (
				1F14C1651FCDD2FD004221A3 /* Messages.framework in Frameworks */,
			);
			runOnlyForDeploymentPostprocessing = 0;
		};
		1F5446C81F6EDC9F00FAA2FF /* Frameworks */ = {
			isa = PBXFrameworksBuildPhase;
			buildActionMask = 2147483647;
			files = (
				492C89AF6FCB7C7A59CB9CED /* Pods_vk.framework in Frameworks */,
				1F78C3131FC58E6D00E53F19 /* CloudKit.framework in Frameworks */,
			);
			runOnlyForDeploymentPostprocessing = 0;
		};
		1F9EB52E1FC896CC0070ABCB /* Frameworks */ = {
			isa = PBXFrameworksBuildPhase;
			buildActionMask = 2147483647;
			files = (
				1F9EB5331FC896CC0070ABCB /* NotificationCenter.framework in Frameworks */,
			);
			runOnlyForDeploymentPostprocessing = 0;
		};
		1FE040B41FD5754A00ADEAF3 /* Frameworks */ = {
			isa = PBXFrameworksBuildPhase;
			buildActionMask = 2147483647;
			files = (
			);
			runOnlyForDeploymentPostprocessing = 0;
		};
		A45F7089D98DFAE1CE56596E /* Frameworks */ = {
			isa = PBXFrameworksBuildPhase;
			buildActionMask = 2147483647;
			files = (
			);
			runOnlyForDeploymentPostprocessing = 0;
		};
/* End PBXFrameworksBuildPhase section */

/* Begin PBXGroup section */
		1F13A2F11FB448BC000AD5B4 /* Storyboards */ = {
			isa = PBXGroup;
			children = (
				1F5446D21F6EDC9F00FAA2FF /* Main.storyboard */,
				1F13A2F21FB44B2D000AD5B4 /* Groups.storyboard */,
				1F13A2F41FB44D96000AD5B4 /* Friends.storyboard */,
				1F13A2F61FB44DE1000AD5B4 /* News.storyboard */,
				1FAA1C791FBDFECC00354807 /* Map.storyboard */,
				1F6A68141FB860FF0038A390 /* Chat.storyboard */,
			);
			name = Storyboards;
			sourceTree = "<group>";
		};
		1F14C1661FCDD2FD004221A3 /* iMessageVK */ = {
			isa = PBXGroup;
			children = (
				1FC0F7191FCECFDB0090AFD1 /* iMessageVK.entitlements */,
				1F14C1671FCDD2FD004221A3 /* MessagesViewController.swift */,
				1F14C1691FCDD2FE004221A3 /* MainInterface.storyboard */,
				1F14C16C1FCDD2FE004221A3 /* Assets.xcassets */,
				1F14C16E1FCDD2FE004221A3 /* Info.plist */,
			);
			path = iMessageVK;
			sourceTree = "<group>";
		};
		1F25C0281FA0F83000E799D0 /* Operations */ = {
			isa = PBXGroup;
			children = (
				1F25C0291FA0F85A00E799D0 /* GetCacheImage.swift */,
				1F443C601FA24B53005ED345 /* SetImageToRow.swift */,
			);
			name = Operations;
			sourceTree = "<group>";
		};
		1F2B18C41F8CBE3A00DB6676 /* Realm */ = {
			isa = PBXGroup;
			children = (
				1F2EDF401F8D0D8F00798E59 /* RealmMethodsForFriends.swift */,
				1F2EDF421F8D1ACD00798E59 /* RealmMethodsForPhoto.swift */,
				1F6A68231FBA0D580038A390 /* RealmMethodsForDialogs.swift */,
				1F6A68271FBB11810038A390 /* RealmMethodsForMessages.swift */,
				1F34A1E21FC6AF40008E5B55 /* RealmMethodsForGroups.swift */,
			);
			name = Realm;
			sourceTree = "<group>";
		};
		1F5446C21F6EDC9F00FAA2FF = {
			isa = PBXGroup;
			children = (
				1F5446CD1F6EDC9F00FAA2FF /* vk */,
				1F9EB5341FC896CC0070ABCB /* ToDayVK */,
				1F14C1661FCDD2FD004221A3 /* iMessageVK */,
				1FE040AC1FD5754A00ADEAF3 /* myWatch */,
				1FE040BB1FD5754A00ADEAF3 /* myWatch Extension */,
				1F5446CC1F6EDC9F00FAA2FF /* Products */,
				BA4FF1D060E1C602065B06BC /* Pods */,
				24E896F9DBFFC96786215DC8 /* Frameworks */,
			);
			sourceTree = "<group>";
		};
		1F5446CC1F6EDC9F00FAA2FF /* Products */ = {
			isa = PBXGroup;
			children = (
				1F5446CB1F6EDC9F00FAA2FF /* vk.app */,
				1F9EB5311FC896CC0070ABCB /* ToDayVK.appex */,
				1F14C1631FCDD2FD004221A3 /* iMessageVK.appex */,
				1FE040AB1FD5754A00ADEAF3 /* myWatch.app */,
				1FE040B71FD5754A00ADEAF3 /* myWatch Extension.appex */,
			);
			name = Products;
			sourceTree = "<group>";
		};
		1F5446CD1F6EDC9F00FAA2FF /* vk */ = {
			isa = PBXGroup;
			children = (
				1F4BE7C01FC31A7500E1C0A1 /* vk.entitlements */,
				1F5446CE1F6EDC9F00FAA2FF /* AppDelegate.swift */,
				1F78C3171FC5AA6800E53F19 /* MyCloud */,
				1F708B9D1FB059FD00ACE7FF /* FireBase */,
				1FE50AE11FAC6D5E0060E54B /* HandleSizingUI */,
				1F25C0281FA0F83000E799D0 /* Operations */,
				1FC4C6181FE16D8000FB2AFD /* PushNotifications */,
				1F66F0D81F9E8A4700D74D4E /* Services */,
				1F7D00F51F90D16F00BE6E71 /* Config */,
				1F2B18C41F8CBE3A00DB6676 /* Realm */,
				1FEEB32F1F7CECEE00010A3F /* Classes */,
				1F99445C1F77C6A500351C0A /* Requests */,
				1F5B350C1F93407400360FCA /* ViewControllers */,
				1F13A2F11FB448BC000AD5B4 /* Storyboards */,
				1F5446D51F6EDCA000FAA2FF /* Assets.xcassets */,
				1F5446DA1F6EDCA000FAA2FF /* Info.plist */,
				1F47CA101FADD7DB007FF908 /* GoogleService-Info.plist */,
			);
			path = vk;
			sourceTree = "<group>";
		};
		1F5B35071F933F7700360FCA /* News */ = {
			isa = PBXGroup;
			children = (
				1F5B35081F933FB600360FCA /* NewsController.swift */,
				1F5B350A1F933FCF00360FCA /* NewsCell.swift */,
				1FAA1C6C1FBC45FB00354807 /* PostController.swift */,
			);
			name = News;
			sourceTree = "<group>";
		};
		1F5B350C1F93407400360FCA /* ViewControllers */ = {
			isa = PBXGroup;
			children = (
				1FAA1C721FBDA2C200354807 /* Map */,
				1F6A680A1FB833AD0038A390 /* Chat */,
				1FAA1C6B1FBC2D1300354807 /* MethodsForControllers */,
				1F5B35071F933F7700360FCA /* News */,
				1F6236141F7525B200C2EC13 /* MyGroups */,
				1F6236131F75259E00C2EC13 /* AllGroups */,
				1F62360E1F741BB600C2EC13 /* FriendPhoto */,
				1F6236091F73F59E00C2EC13 /* AllFriends */,
			);
			name = ViewControllers;
			sourceTree = "<group>";
		};
		1F6236091F73F59E00C2EC13 /* AllFriends */ = {
			isa = PBXGroup;
			children = (
				1F62360A1F73F5D400C2EC13 /* AllFriendsController.swift */,
				1F62360C1F73F76900C2EC13 /* AllFriendsCell.swift */,
			);
			name = AllFriends;
			sourceTree = "<group>";
		};
		1F62360E1F741BB600C2EC13 /* FriendPhoto */ = {
			isa = PBXGroup;
			children = (
				1F62360F1F741C2800C2EC13 /* FriendPhotoController.swift */,
				1F6236111F741C5100C2EC13 /* FriendPhotoCell.swift */,
			);
			name = FriendPhoto;
			sourceTree = "<group>";
		};
		1F6236131F75259E00C2EC13 /* AllGroups */ = {
			isa = PBXGroup;
			children = (
				1F6236151F75263900C2EC13 /* AllGroupsController.swift */,
				1F6236171F75267E00C2EC13 /* AllGroupsCell.swift */,
			);
			name = AllGroups;
			sourceTree = "<group>";
		};
		1F6236141F7525B200C2EC13 /* MyGroups */ = {
			isa = PBXGroup;
			children = (
				1F6236191F752D5300C2EC13 /* MyGroupsController.swift */,
				1F62361B1F752D7000C2EC13 /* MyGroupsCell.swift */,
			);
			name = MyGroups;
			sourceTree = "<group>";
		};
		1F66F0D81F9E8A4700D74D4E /* Services */ = {
			isa = PBXGroup;
			children = (
				1F99445D1F77C6C400351C0A /* VKService.swift */,
				1F66F0D91F9E8A6600D74D4E /* PhotoService.swift */,
				1FCF336E206EA53F0025C77A /* ParserVK.swift */,
			);
			name = Services;
			sourceTree = "<group>";
		};
		1F6A680A1FB833AD0038A390 /* Chat */ = {
			isa = PBXGroup;
			children = (
				1F6A680B1FB833E00038A390 /* ChatCell.swift */,
				1F6A680D1FB834100038A390 /* ChatController.swift */,
				1F6A681F1FBA06580038A390 /* DialogController.swift */,
				1F6A68251FBAE49F0038A390 /* DialogCell.swift */,
				1FDA2F5B1FE953120013CBC3 /* ButtonItem.swift */,
			);
			name = Chat;
			sourceTree = "<group>";
		};
		1F708B9D1FB059FD00ACE7FF /* FireBase */ = {
			isa = PBXGroup;
			children = (
				1F708B9E1FB05A2100ACE7FF /* FireBaseStruct.swift */,
			);
			name = FireBase;
			sourceTree = "<group>";
		};
		1F78C3171FC5AA6800E53F19 /* MyCloud */ = {
			isa = PBXGroup;
			children = (
				1F78C3181FC5AA8F00E53F19 /* MyCloud.swift */,
			);
			name = MyCloud;
			sourceTree = "<group>";
		};
		1F7D00F51F90D16F00BE6E71 /* Config */ = {
			isa = PBXGroup;
			children = (
				1F7D00F61F90D19700BE6E71 /* RequestMethods.swift */,
			);
			name = Config;
			sourceTree = "<group>";
		};
		1F99445C1F77C6A500351C0A /* Requests */ = {
			isa = PBXGroup;
			children = (
				1F5B35051F932CD300360FCA /* NewsRequest.swift */,
				1F4E4B6D1F802AD20021B873 /* FriendsRequest.swift */,
				1F4E4B6F1F802E410021B873 /* PhotosRequest.swift */,
				1FEEA41F1F86A359004FB74A /* GroupsDataRequest.swift */,
				1F6A68171FB865110038A390 /* ChatRequest.swift */,
				1FAA1C6E1FBCB62E00354807 /* PostRequest.swift */,
			);
			name = Requests;
			sourceTree = "<group>";
		};
		1F9EB5341FC896CC0070ABCB /* ToDayVK */ = {
			isa = PBXGroup;
			children = (
				1F30FF2E1FCAE3F500C12BE7 /* ToDayVK.entitlements */,
				1F9EB5351FC896CC0070ABCB /* TodayViewController.swift */,
				1F9EB5371FC896CC0070ABCB /* MainInterface.storyboard */,
				1F9EB53A1FC896CC0070ABCB /* Info.plist */,
				1F39AB7A1FCC0A1F008CCD50 /* ToDayTableViewCell.swift */,
			);
			path = ToDayVK;
			sourceTree = "<group>";
		};
		1FAA1C6B1FBC2D1300354807 /* MethodsForControllers */ = {
			isa = PBXGroup;
			children = (
				1F6A68081FB7854B0038A390 /* NewsMethods.swift */,
				1F6A681B1FB9D2B10038A390 /* ChatMethods.swift */,
				1F6A68291FBB372A0038A390 /* DialogMethods.swift */,
			);
			name = MethodsForControllers;
			sourceTree = "<group>";
		};
		1FAA1C721FBDA2C200354807 /* Map */ = {
			isa = PBXGroup;
			children = (
				1FAA1C701FBDA23700354807 /* MapController.swift */,
				1FAA1C731FBDC15500354807 /* LocationManager.swift */,
				1FAA1C771FBDFE3100354807 /* MapTableCell.swift */,
			);
			name = Map;
			sourceTree = "<group>";
		};
		1FC4C6181FE16D8000FB2AFD /* PushNotifications */ = {
			isa = PBXGroup;
			children = (
				1FBB090E1FD84FF70066F1F6 /* VKLocalNotification.swift */,
				1F2DD3691FDA7C4B009A5F10 /* RemoteNotification.swift */,
				1FF641CD1FDD5EBA004ABEB0 /* RegistrationVKPush.swift */,
			);
			name = PushNotifications;
			sourceTree = "<group>";
		};
		1FE040AC1FD5754A00ADEAF3 /* myWatch */ = {
			isa = PBXGroup;
			children = (
				1FE040D11FD575CA00ADEAF3 /* myWatch.entitlements */,
				1FE040AD1FD5754A00ADEAF3 /* Interface.storyboard */,
				1FE040B01FD5754A00ADEAF3 /* Assets.xcassets */,
				1FE040B21FD5754A00ADEAF3 /* Info.plist */,
			);
			path = myWatch;
			sourceTree = "<group>";
		};
		1FE040BB1FD5754A00ADEAF3 /* myWatch Extension */ = {
			isa = PBXGroup;
			children = (
				1FE040D21FD575DE00ADEAF3 /* myWatch Extension.entitlements */,
				1FE040BC1FD5754B00ADEAF3 /* InterfaceController.swift */,
				1FE040D31FD580EA00ADEAF3 /* MyWatchInterfaceController.swift */,
				1FE040D51FD582BE00ADEAF3 /* NewRow.swift */,
				1FE040BE1FD5754B00ADEAF3 /* ExtensionDelegate.swift */,
				1FE040C01FD5754B00ADEAF3 /* NotificationController.swift */,
				1FE040C21FD5754B00ADEAF3 /* Assets.xcassets */,
				1FE040C41FD5754B00ADEAF3 /* Info.plist */,
				1FE040C51FD5754B00ADEAF3 /* PushNotificationPayload.apns */,
				1FE040D71FD5853100ADEAF3 /* NewWatch.swift */,
			);
			path = "myWatch Extension";
			sourceTree = "<group>";
		};
		1FE50AE11FAC6D5E0060E54B /* HandleSizingUI */ = {
			isa = PBXGroup;
			children = (
				1FE50AE21FAC6D950060E54B /* HandleSizingUI.swift */,
			);
			name = HandleSizingUI;
			sourceTree = "<group>";
		};
		1FEEB32F1F7CECEE00010A3F /* Classes */ = {
			isa = PBXGroup;
			children = (
				1FEEB3301F7CED0F00010A3F /* Friend.swift */,
				1FEEB3321F7D8C1000010A3F /* Photo.swift */,
				1F5A87511F7E5EC000C967DA /* Group.swift */,
				1F6A68191FB8B8AC0038A390 /* Chat.swift */,
			);
			name = Classes;
			sourceTree = "<group>";
		};
		24E896F9DBFFC96786215DC8 /* Frameworks */ = {
			isa = PBXGroup;
			children = (
				1F78C3121FC58E6D00E53F19 /* CloudKit.framework */,
				CD24C68CE0F769C0BC431145 /* Pods_vk.framework */,
				1F9EB5321FC896CC0070ABCB /* NotificationCenter.framework */,
				1F14C1641FCDD2FD004221A3 /* Messages.framework */,
			);
			name = Frameworks;
			sourceTree = "<group>";
		};
		BA4FF1D060E1C602065B06BC /* Pods */ = {
			isa = PBXGroup;
			children = (
				8A7DCEABC9A742D020D4FA6E /* Pods-vk.debug.xcconfig */,
				016E847BB108BB55FF5C21D5 /* Pods-vk.release.xcconfig */,
			);
			name = Pods;
			sourceTree = "<group>";
		};
/* End PBXGroup section */

/* Begin PBXNativeTarget section */
		1F14C1621FCDD2FD004221A3 /* iMessageVK */ = {
			isa = PBXNativeTarget;
			buildConfigurationList = 1F14C1741FCDD2FE004221A3 /* Build configuration list for PBXNativeTarget "iMessageVK" */;
			buildPhases = (
				1F14C15F1FCDD2FD004221A3 /* Sources */,
				1F14C1601FCDD2FD004221A3 /* Frameworks */,
				1F14C1611FCDD2FD004221A3 /* Resources */,
			);
			buildRules = (
			);
			dependencies = (
			);
			name = iMessageVK;
			productName = iMessageVK;
			productReference = 1F14C1631FCDD2FD004221A3 /* iMessageVK.appex */;
			productType = "com.apple.product-type.app-extension.messages";
		};
		1F5446CA1F6EDC9F00FAA2FF /* vk */ = {
			isa = PBXNativeTarget;
			buildConfigurationList = 1F5446DD1F6EDCA000FAA2FF /* Build configuration list for PBXNativeTarget "vk" */;
			buildPhases = (
				68A46F22C406FCE64E9DC65B /* [CP] Check Pods Manifest.lock */,
				1F5446C71F6EDC9F00FAA2FF /* Sources */,
				1F5446C81F6EDC9F00FAA2FF /* Frameworks */,
				1F5446C91F6EDC9F00FAA2FF /* Resources */,
				99355B6867976699AC252C6F /* [CP] Embed Pods Frameworks */,
				1E8124E22CCEB43850FE6A82 /* [CP] Copy Pods Resources */,
				1F9EB5411FC896CC0070ABCB /* Embed App Extensions */,
				1FE040D01FD5754B00ADEAF3 /* Embed Watch Content */,
			);
			buildRules = (
			);
			dependencies = (
				1F9EB53C1FC896CC0070ABCB /* PBXTargetDependency */,
				1F14C1701FCDD2FE004221A3 /* PBXTargetDependency */,
				1FE040C71FD5754B00ADEAF3 /* PBXTargetDependency */,
			);
			name = vk;
			productName = vk;
			productReference = 1F5446CB1F6EDC9F00FAA2FF /* vk.app */;
			productType = "com.apple.product-type.application";
		};
		1F9EB5301FC896CC0070ABCB /* ToDayVK */ = {
			isa = PBXNativeTarget;
			buildConfigurationList = 1F9EB5401FC896CC0070ABCB /* Build configuration list for PBXNativeTarget "ToDayVK" */;
			buildPhases = (
				1F9EB52D1FC896CC0070ABCB /* Sources */,
				1F9EB52E1FC896CC0070ABCB /* Frameworks */,
				1F9EB52F1FC896CC0070ABCB /* Resources */,
			);
			buildRules = (
			);
			dependencies = (
			);
			name = ToDayVK;
			productName = ToDayVK;
			productReference = 1F9EB5311FC896CC0070ABCB /* ToDayVK.appex */;
			productType = "com.apple.product-type.app-extension";
		};
		1FE040AA1FD5754A00ADEAF3 /* myWatch */ = {
			isa = PBXNativeTarget;
			buildConfigurationList = 1FE040CF1FD5754B00ADEAF3 /* Build configuration list for PBXNativeTarget "myWatch" */;
			buildPhases = (
				1FE040A91FD5754A00ADEAF3 /* Resources */,
				1FE040CE1FD5754B00ADEAF3 /* Embed App Extensions */,
				A45F7089D98DFAE1CE56596E /* Frameworks */,
			);
			buildRules = (
			);
			dependencies = (
				1FE040BA1FD5754A00ADEAF3 /* PBXTargetDependency */,
			);
			name = myWatch;
			productName = myWatch;
			productReference = 1FE040AB1FD5754A00ADEAF3 /* myWatch.app */;
			productType = "com.apple.product-type.application.watchapp2";
		};
		1FE040B61FD5754A00ADEAF3 /* myWatch Extension */ = {
			isa = PBXNativeTarget;
			buildConfigurationList = 1FE040CD1FD5754B00ADEAF3 /* Build configuration list for PBXNativeTarget "myWatch Extension" */;
			buildPhases = (
				1FE040B31FD5754A00ADEAF3 /* Sources */,
				1FE040B41FD5754A00ADEAF3 /* Frameworks */,
				1FE040B51FD5754A00ADEAF3 /* Resources */,
			);
			buildRules = (
			);
			dependencies = (
			);
			name = "myWatch Extension";
			productName = "myWatch Extension";
			productReference = 1FE040B71FD5754A00ADEAF3 /* myWatch Extension.appex */;
			productType = "com.apple.product-type.watchkit2-extension";
		};
/* End PBXNativeTarget section */

/* Begin PBXProject section */
		1F5446C31F6EDC9F00FAA2FF /* Project object */ = {
			isa = PBXProject;
			attributes = {
				LastSwiftUpdateCheck = 0910;
				LastUpgradeCheck = 0930;
				ORGANIZATIONNAME = "Александр";
				TargetAttributes = {
					1F14C1621FCDD2FD004221A3 = {
						CreatedOnToolsVersion = 9.1;
						DevelopmentTeam = 62UUS6482X;
						ProvisioningStyle = Automatic;
						SystemCapabilities = {
							com.apple.ApplicationGroups.iOS = {
								enabled = 1;
							};
							com.apple.Keychain = {
								enabled = 0;
							};
						};
					};
					1F5446CA1F6EDC9F00FAA2FF = {
						CreatedOnToolsVersion = 8.3.3;
						DevelopmentTeam = 62UUS6482X;
						LastSwiftMigration = 0900;
						ProvisioningStyle = Automatic;
						SystemCapabilities = {
							com.apple.ApplicationGroups.iOS = {
								enabled = 1;
							};
							com.apple.BackgroundModes = {
								enabled = 1;
							};
							com.apple.Keychain = {
								enabled = 0;
							};
							com.apple.Push = {
								enabled = 1;
							};
							com.apple.iCloud = {
								enabled = 1;
							};
						};
					};
					1F9EB5301FC896CC0070ABCB = {
						CreatedOnToolsVersion = 9.1;
						DevelopmentTeam = 62UUS6482X;
						ProvisioningStyle = Automatic;
						SystemCapabilities = {
							com.apple.ApplicationGroups.iOS = {
								enabled = 1;
							};
						};
					};
					1FE040AA1FD5754A00ADEAF3 = {
						CreatedOnToolsVersion = 9.1;
						DevelopmentTeam = 62UUS6482X;
						ProvisioningStyle = Automatic;
						SystemCapabilities = {
							com.apple.ApplicationGroups.iOS = {
								enabled = 1;
							};
						};
					};
					1FE040B61FD5754A00ADEAF3 = {
						CreatedOnToolsVersion = 9.1;
						DevelopmentTeam = 62UUS6482X;
						ProvisioningStyle = Automatic;
						SystemCapabilities = {
							com.apple.ApplicationGroups.iOS = {
								enabled = 1;
							};
							com.apple.Push = {
								enabled = 1;
							};
						};
					};
				};
			};
			buildConfigurationList = 1F5446C61F6EDC9F00FAA2FF /* Build configuration list for PBXProject "vk" */;
			compatibilityVersion = "Xcode 3.2";
			developmentRegion = English;
			hasScannedForEncodings = 0;
			knownRegions = (
				en,
				Base,
			);
			mainGroup = 1F5446C21F6EDC9F00FAA2FF;
			productRefGroup = 1F5446CC1F6EDC9F00FAA2FF /* Products */;
			projectDirPath = "";
			projectRoot = "";
			targets = (
				1F5446CA1F6EDC9F00FAA2FF /* vk */,
				1F9EB5301FC896CC0070ABCB /* ToDayVK */,
				1F14C1621FCDD2FD004221A3 /* iMessageVK */,
				1FE040AA1FD5754A00ADEAF3 /* myWatch */,
				1FE040B61FD5754A00ADEAF3 /* myWatch Extension */,
			);
		};
/* End PBXProject section */

/* Begin PBXResourcesBuildPhase section */
		1F14C1611FCDD2FD004221A3 /* Resources */ = {
			isa = PBXResourcesBuildPhase;
			buildActionMask = 2147483647;
			files = (
				1FAB65CA1FCF353D0004F0AE /* Assets.xcassets in Resources */,
				1F14C16B1FCDD2FE004221A3 /* MainInterface.storyboard in Resources */,
			);
			runOnlyForDeploymentPostprocessing = 0;
		};
		1F5446C91F6EDC9F00FAA2FF /* Resources */ = {
			isa = PBXResourcesBuildPhase;
			buildActionMask = 2147483647;
			files = (
				1F13A2F51FB44D97000AD5B4 /* Friends.storyboard in Resources */,
				1F13A2F31FB44B2D000AD5B4 /* Groups.storyboard in Resources */,
				1F47CA111FADD7DB007FF908 /* GoogleService-Info.plist in Resources */,
				1FAA1C7A1FBDFECC00354807 /* Map.storyboard in Resources */,
				1F13A2F71FB44DE1000AD5B4 /* News.storyboard in Resources */,
				1F5446D61F6EDCA000FAA2FF /* Assets.xcassets in Resources */,
				1F6A68121FB860FF0038A390 /* Chat.storyboard in Resources */,
				1F5446D41F6EDC9F00FAA2FF /* Main.storyboard in Resources */,
			);
			runOnlyForDeploymentPostprocessing = 0;
		};
		1F9EB52F1FC896CC0070ABCB /* Resources */ = {
			isa = PBXResourcesBuildPhase;
			buildActionMask = 2147483647;
			files = (
				1F24821A1FCABF810017F645 /* Assets.xcassets in Resources */,
				1F9EB5391FC896CC0070ABCB /* MainInterface.storyboard in Resources */,
			);
			runOnlyForDeploymentPostprocessing = 0;
		};
		1FE040A91FD5754A00ADEAF3 /* Resources */ = {
			isa = PBXResourcesBuildPhase;
			buildActionMask = 2147483647;
			files = (
				1FE040B11FD5754A00ADEAF3 /* Assets.xcassets in Resources */,
				1FE040AF1FD5754A00ADEAF3 /* Interface.storyboard in Resources */,
			);
			runOnlyForDeploymentPostprocessing = 0;
		};
		1FE040B51FD5754A00ADEAF3 /* Resources */ = {
			isa = PBXResourcesBuildPhase;
			buildActionMask = 2147483647;
			files = (
				1FE040C31FD5754B00ADEAF3 /* Assets.xcassets in Resources */,
			);
			runOnlyForDeploymentPostprocessing = 0;
		};
/* End PBXResourcesBuildPhase section */

/* Begin PBXShellScriptBuildPhase section */
		1E8124E22CCEB43850FE6A82 /* [CP] Copy Pods Resources */ = {
			isa = PBXShellScriptBuildPhase;
			buildActionMask = 2147483647;
			files = (
			);
			inputPaths = (
			);
			name = "[CP] Copy Pods Resources";
			outputPaths = (
			);
			runOnlyForDeploymentPostprocessing = 0;
			shellPath = /bin/sh;
			shellScript = "\"${SRCROOT}/Pods/Target Support Files/Pods-vk/Pods-vk-resources.sh\"\n";
			showEnvVarsInLog = 0;
		};
		68A46F22C406FCE64E9DC65B /* [CP] Check Pods Manifest.lock */ = {
			isa = PBXShellScriptBuildPhase;
			buildActionMask = 2147483647;
			files = (
			);
			inputPaths = (
				"${PODS_PODFILE_DIR_PATH}/Podfile.lock",
				"${PODS_ROOT}/Manifest.lock",
			);
			name = "[CP] Check Pods Manifest.lock";
			outputPaths = (
				"$(DERIVED_FILE_DIR)/Pods-vk-checkManifestLockResult.txt",
			);
			runOnlyForDeploymentPostprocessing = 0;
			shellPath = /bin/sh;
			shellScript = "diff \"${PODS_PODFILE_DIR_PATH}/Podfile.lock\" \"${PODS_ROOT}/Manifest.lock\" > /dev/null\nif [ $? != 0 ] ; then\n    # print error to STDERR\n    echo \"error: The sandbox is not in sync with the Podfile.lock. Run 'pod install' or update your CocoaPods installation.\" >&2\n    exit 1\nfi\n# This output is used by Xcode 'outputs' to avoid re-running this script phase.\necho \"SUCCESS\" > \"${SCRIPT_OUTPUT_FILE_0}\"\n";
			showEnvVarsInLog = 0;
		};
		99355B6867976699AC252C6F /* [CP] Embed Pods Frameworks */ = {
			isa = PBXShellScriptBuildPhase;
			buildActionMask = 2147483647;
			files = (
			);
			inputPaths = (
				"${SRCROOT}/Pods/Target Support Files/Pods-vk/Pods-vk-frameworks.sh",
				"${BUILT_PRODUCTS_DIR}/Alamofire/Alamofire.framework",
				"${BUILT_PRODUCTS_DIR}/GTMSessionFetcher/GTMSessionFetcher.framework",
				"${BUILT_PRODUCTS_DIR}/GoogleToolboxForMac/GoogleToolboxForMac.framework",
				"${BUILT_PRODUCTS_DIR}/Protobuf/Protobuf.framework",
				"${BUILT_PRODUCTS_DIR}/Realm/Realm.framework",
				"${BUILT_PRODUCTS_DIR}/RealmSwift/RealmSwift.framework",
				"${BUILT_PRODUCTS_DIR}/SwiftGifOrigin/SwiftGifOrigin.framework",
				"${BUILT_PRODUCTS_DIR}/SwiftyJSON/SwiftyJSON.framework",
				"${BUILT_PRODUCTS_DIR}/leveldb-library/leveldb.framework",
				"${BUILT_PRODUCTS_DIR}/nanopb/nanopb.framework",
			);
			name = "[CP] Embed Pods Frameworks";
			outputPaths = (
				"${TARGET_BUILD_DIR}/${FRAMEWORKS_FOLDER_PATH}/Alamofire.framework",
				"${TARGET_BUILD_DIR}/${FRAMEWORKS_FOLDER_PATH}/GTMSessionFetcher.framework",
				"${TARGET_BUILD_DIR}/${FRAMEWORKS_FOLDER_PATH}/GoogleToolboxForMac.framework",
				"${TARGET_BUILD_DIR}/${FRAMEWORKS_FOLDER_PATH}/Protobuf.framework",
				"${TARGET_BUILD_DIR}/${FRAMEWORKS_FOLDER_PATH}/Realm.framework",
				"${TARGET_BUILD_DIR}/${FRAMEWORKS_FOLDER_PATH}/RealmSwift.framework",
				"${TARGET_BUILD_DIR}/${FRAMEWORKS_FOLDER_PATH}/SwiftGifOrigin.framework",
				"${TARGET_BUILD_DIR}/${FRAMEWORKS_FOLDER_PATH}/SwiftyJSON.framework",
				"${TARGET_BUILD_DIR}/${FRAMEWORKS_FOLDER_PATH}/leveldb.framework",
				"${TARGET_BUILD_DIR}/${FRAMEWORKS_FOLDER_PATH}/nanopb.framework",
			);
			runOnlyForDeploymentPostprocessing = 0;
			shellPath = /bin/sh;
			shellScript = "\"${SRCROOT}/Pods/Target Support Files/Pods-vk/Pods-vk-frameworks.sh\"\n";
			showEnvVarsInLog = 0;
		};
/* End PBXShellScriptBuildPhase section */

/* Begin PBXSourcesBuildPhase section */
		1F14C15F1FCDD2FD004221A3 /* Sources */ = {
			isa = PBXSourcesBuildPhase;
			buildActionMask = 2147483647;
			files = (
				1F8FF3171FCEECB3000D934F /* MessagesViewController.swift in Sources */,
			);
			runOnlyForDeploymentPostprocessing = 0;
		};
		1F5446C71F6EDC9F00FAA2FF /* Sources */ = {
			isa = PBXSourcesBuildPhase;
			buildActionMask = 2147483647;
			files = (
				1F4E4B6E1F802AD20021B873 /* FriendsRequest.swift in Sources */,
				1F6236161F75263900C2EC13 /* AllGroupsController.swift in Sources */,
				1F6A680E1FB834100038A390 /* ChatController.swift in Sources */,
				1FAA1C741FBDC15500354807 /* LocationManager.swift in Sources */,
				1F62360B1F73F5D400C2EC13 /* AllFriendsController.swift in Sources */,
				1F443C611FA24B53005ED345 /* SetImageToRow.swift in Sources */,
				1F5B350B1F933FCF00360FCA /* NewsCell.swift in Sources */,
				1FDA2F5C1FE953120013CBC3 /* ButtonItem.swift in Sources */,
				1F39AB7C1FCC0A28008CCD50 /* ToDayTableViewCell.swift in Sources */,
				1F6A68241FBA0D580038A390 /* RealmMethodsForDialogs.swift in Sources */,
				1F6236121F741C5100C2EC13 /* FriendPhotoCell.swift in Sources */,
				1F66F0DA1F9E8A6600D74D4E /* PhotoService.swift in Sources */,
				1FAA1C781FBDFE3100354807 /* MapTableCell.swift in Sources */,
				1FAA1C6F1FBCB62E00354807 /* PostRequest.swift in Sources */,
				1F4E4B701F802E410021B873 /* PhotosRequest.swift in Sources */,
				1F99445E1F77C6C400351C0A /* VKService.swift in Sources */,
				1F34A1E31FC6AF40008E5B55 /* RealmMethodsForGroups.swift in Sources */,
				1F2EDF431F8D1ACD00798E59 /* RealmMethodsForPhoto.swift in Sources */,
				1F25C02A1FA0F85A00E799D0 /* GetCacheImage.swift in Sources */,
				1F62361A1F752D5300C2EC13 /* MyGroupsController.swift in Sources */,
				1F78C3191FC5AA8F00E53F19 /* MyCloud.swift in Sources */,
				1F5B35061F932CD300360FCA /* NewsRequest.swift in Sources */,
				1F24821B1FCAD86F0017F645 /* TodayViewController.swift in Sources */,
				1F7D00F71F90D19700BE6E71 /* RequestMethods.swift in Sources */,
				1F5446CF1F6EDC9F00FAA2FF /* AppDelegate.swift in Sources */,
				1F5B35091F933FB600360FCA /* NewsController.swift in Sources */,
				1FEEB3331F7D8C1000010A3F /* Photo.swift in Sources */,
				1F6A68091FB7854B0038A390 /* NewsMethods.swift in Sources */,
				1F5A87521F7E5EC000C967DA /* Group.swift in Sources */,
				1FAA1C711FBDA23700354807 /* MapController.swift in Sources */,
				1F6A68211FBA06580038A390 /* DialogController.swift in Sources */,
				1F2EDF411F8D0D8F00798E59 /* RealmMethodsForFriends.swift in Sources */,
				1F6A68181FB865110038A390 /* ChatRequest.swift in Sources */,
				1FEEA4201F86A359004FB74A /* GroupsDataRequest.swift in Sources */,
				1FAA1C6D1FBC45FB00354807 /* PostController.swift in Sources */,
				1FE50AE31FAC6D950060E54B /* HandleSizingUI.swift in Sources */,
				1F6236101F741C2800C2EC13 /* FriendPhotoController.swift in Sources */,
				1F6A682A1FBB372B0038A390 /* DialogMethods.swift in Sources */,
				1F6A680C1FB833E00038A390 /* ChatCell.swift in Sources */,
				1FEEB3311F7CED0F00010A3F /* Friend.swift in Sources */,
				1FAB65C81FCF2EFE0004F0AE /* MessagesViewController.swift in Sources */,
				1F62361C1F752D7000C2EC13 /* MyGroupsCell.swift in Sources */,
				1F6A681A1FB8B8AC0038A390 /* Chat.swift in Sources */,
				1F62360D1F73F76900C2EC13 /* AllFriendsCell.swift in Sources */,
				1F6A681C1FB9D2B10038A390 /* ChatMethods.swift in Sources */,
				1F2DD36A1FDA7C4B009A5F10 /* RemoteNotification.swift in Sources */,
				1F6A68281FBB11810038A390 /* RealmMethodsForMessages.swift in Sources */,
				1F6236181F75267E00C2EC13 /* AllGroupsCell.swift in Sources */,
				1F6A68261FBAE49F0038A390 /* DialogCell.swift in Sources */,
				1FCF336F206EA53F0025C77A /* ParserVK.swift in Sources */,
				1FF641CE1FDD5EBA004ABEB0 /* RegistrationVKPush.swift in Sources */,
				1F708B9F1FB05A2100ACE7FF /* FireBaseStruct.swift in Sources */,
				1FBB090F1FD84FF70066F1F6 /* VKLocalNotification.swift in Sources */,
			);
			runOnlyForDeploymentPostprocessing = 0;
		};
		1F9EB52D1FC896CC0070ABCB /* Sources */ = {
			isa = PBXSourcesBuildPhase;
			buildActionMask = 2147483647;
			files = (
				1F9EB5361FC896CC0070ABCB /* TodayViewController.swift in Sources */,
				1F39AB7E1FCC5D3F008CCD50 /* HandleSizingUI.swift in Sources */,
				1F39AB7B1FCC0A1F008CCD50 /* ToDayTableViewCell.swift in Sources */,
			);
			runOnlyForDeploymentPostprocessing = 0;
		};
		1FE040B31FD5754A00ADEAF3 /* Sources */ = {
			isa = PBXSourcesBuildPhase;
			buildActionMask = 2147483647;
			files = (
				1FE040C11FD5754B00ADEAF3 /* NotificationController.swift in Sources */,
				1FE040D61FD582BE00ADEAF3 /* NewRow.swift in Sources */,
				1FE040D81FD5853100ADEAF3 /* NewWatch.swift in Sources */,
				1FE040BF1FD5754B00ADEAF3 /* ExtensionDelegate.swift in Sources */,
				1FE040D41FD580EA00ADEAF3 /* MyWatchInterfaceController.swift in Sources */,
				1FE040BD1FD5754B00ADEAF3 /* InterfaceController.swift in Sources */,
			);
			runOnlyForDeploymentPostprocessing = 0;
		};
/* End PBXSourcesBuildPhase section */

/* Begin PBXTargetDependency section */
		1F14C1701FCDD2FE004221A3 /* PBXTargetDependency */ = {
			isa = PBXTargetDependency;
			target = 1F14C1621FCDD2FD004221A3 /* iMessageVK */;
			targetProxy = 1F14C16F1FCDD2FE004221A3 /* PBXContainerItemProxy */;
		};
		1F9EB53C1FC896CC0070ABCB /* PBXTargetDependency */ = {
			isa = PBXTargetDependency;
			target = 1F9EB5301FC896CC0070ABCB /* ToDayVK */;
			targetProxy = 1F9EB53B1FC896CC0070ABCB /* PBXContainerItemProxy */;
		};
		1FE040BA1FD5754A00ADEAF3 /* PBXTargetDependency */ = {
			isa = PBXTargetDependency;
			target = 1FE040B61FD5754A00ADEAF3 /* myWatch Extension */;
			targetProxy = 1FE040B91FD5754A00ADEAF3 /* PBXContainerItemProxy */;
		};
		1FE040C71FD5754B00ADEAF3 /* PBXTargetDependency */ = {
			isa = PBXTargetDependency;
			target = 1FE040AA1FD5754A00ADEAF3 /* myWatch */;
			targetProxy = 1FE040C61FD5754B00ADEAF3 /* PBXContainerItemProxy */;
		};
/* End PBXTargetDependency section */

/* Begin PBXVariantGroup section */
		1F14C1691FCDD2FE004221A3 /* MainInterface.storyboard */ = {
			isa = PBXVariantGroup;
			children = (
				1F14C16A1FCDD2FE004221A3 /* Base */,
			);
			name = MainInterface.storyboard;
			sourceTree = "<group>";
		};
		1F5446D21F6EDC9F00FAA2FF /* Main.storyboard */ = {
			isa = PBXVariantGroup;
			children = (
				1F5446D31F6EDC9F00FAA2FF /* Base */,
			);
			name = Main.storyboard;
			sourceTree = "<group>";
		};
		1F6A68141FB860FF0038A390 /* Chat.storyboard */ = {
			isa = PBXVariantGroup;
			children = (
				1F6A68131FB860FF0038A390 /* Base */,
			);
			name = Chat.storyboard;
			sourceTree = "<group>";
		};
		1F9EB5371FC896CC0070ABCB /* MainInterface.storyboard */ = {
			isa = PBXVariantGroup;
			children = (
				1F9EB5381FC896CC0070ABCB /* Base */,
			);
			name = MainInterface.storyboard;
			sourceTree = "<group>";
		};
		1FE040AD1FD5754A00ADEAF3 /* Interface.storyboard */ = {
			isa = PBXVariantGroup;
			children = (
				1FE040AE1FD5754A00ADEAF3 /* Base */,
			);
			name = Interface.storyboard;
			sourceTree = "<group>";
		};
/* End PBXVariantGroup section */

/* Begin XCBuildConfiguration section */
		1F14C1721FCDD2FE004221A3 /* Debug */ = {
			isa = XCBuildConfiguration;
			buildSettings = {
				ASSETCATALOG_COMPILER_APPICON_NAME = "iMessage App Icon";
				CLANG_CXX_LANGUAGE_STANDARD = "gnu++14";
				CLANG_WARN_UNGUARDED_AVAILABILITY = YES_AGGRESSIVE;
				CODE_SIGN_ENTITLEMENTS = iMessageVK/iMessageVK.entitlements;
				CODE_SIGN_IDENTITY = "iPhone Developer";
				"CODE_SIGN_IDENTITY[sdk=iphoneos*]" = "iPhone Developer";
				CODE_SIGN_STYLE = Automatic;
				DEVELOPMENT_TEAM = 62UUS6482X;
				GCC_C_LANGUAGE_STANDARD = gnu11;
				INFOPLIST_FILE = iMessageVK/Info.plist;
				IPHONEOS_DEPLOYMENT_TARGET = 11.1;
				LD_RUNPATH_SEARCH_PATHS = "$(inherited) @executable_path/Frameworks @executable_path/../../Frameworks";
				PRODUCT_BUNDLE_IDENTIFIER = Umbrella.vk.iMessageVK;
				PRODUCT_NAME = "$(TARGET_NAME)";
				SKIP_INSTALL = YES;
				SWIFT_VERSION = 4.0;
				TARGETED_DEVICE_FAMILY = "1,2";
			};
			name = Debug;
		};
		1F14C1731FCDD2FE004221A3 /* Release */ = {
			isa = XCBuildConfiguration;
			buildSettings = {
				ASSETCATALOG_COMPILER_APPICON_NAME = "iMessage App Icon";
				CLANG_CXX_LANGUAGE_STANDARD = "gnu++14";
				CLANG_WARN_UNGUARDED_AVAILABILITY = YES_AGGRESSIVE;
				CODE_SIGN_ENTITLEMENTS = iMessageVK/iMessageVK.entitlements;
				CODE_SIGN_IDENTITY = "iPhone Developer: booharin@me.com (7ZWPP66T8E)";
				"CODE_SIGN_IDENTITY[sdk=iphoneos*]" = "iPhone Developer: booharin@me.com (7ZWPP66T8E)";
				CODE_SIGN_STYLE = Automatic;
				DEVELOPMENT_TEAM = 62UUS6482X;
				GCC_C_LANGUAGE_STANDARD = gnu11;
				INFOPLIST_FILE = iMessageVK/Info.plist;
				IPHONEOS_DEPLOYMENT_TARGET = 11.1;
				LD_RUNPATH_SEARCH_PATHS = "$(inherited) @executable_path/Frameworks @executable_path/../../Frameworks";
				MTL_ENABLE_DEBUG_INFO = NO;
				PRODUCT_BUNDLE_IDENTIFIER = Umbrella.vk.iMessageVK;
				PRODUCT_NAME = "$(TARGET_NAME)";
				SKIP_INSTALL = YES;
				SWIFT_VERSION = 4.0;
				TARGETED_DEVICE_FAMILY = "1,2";
			};
			name = Release;
		};
		1F5446DB1F6EDCA000FAA2FF /* Debug */ = {
			isa = XCBuildConfiguration;
			buildSettings = {
				ALWAYS_SEARCH_USER_PATHS = NO;
				CLANG_ANALYZER_NONNULL = YES;
				CLANG_ANALYZER_NUMBER_OBJECT_CONVERSION = YES_AGGRESSIVE;
				CLANG_CXX_LANGUAGE_STANDARD = "gnu++0x";
				CLANG_CXX_LIBRARY = "libc++";
				CLANG_ENABLE_MODULES = YES;
				CLANG_ENABLE_OBJC_ARC = YES;
				CLANG_WARN_BLOCK_CAPTURE_AUTORELEASING = YES;
				CLANG_WARN_BOOL_CONVERSION = YES;
				CLANG_WARN_COMMA = YES;
				CLANG_WARN_CONSTANT_CONVERSION = YES;
				CLANG_WARN_DEPRECATED_OBJC_IMPLEMENTATIONS = YES;
				CLANG_WARN_DIRECT_OBJC_ISA_USAGE = YES_ERROR;
				CLANG_WARN_DOCUMENTATION_COMMENTS = YES;
				CLANG_WARN_EMPTY_BODY = YES;
				CLANG_WARN_ENUM_CONVERSION = YES;
				CLANG_WARN_INFINITE_RECURSION = YES;
				CLANG_WARN_INT_CONVERSION = YES;
				CLANG_WARN_NON_LITERAL_NULL_CONVERSION = YES;
				CLANG_WARN_OBJC_IMPLICIT_RETAIN_SELF = YES;
				CLANG_WARN_OBJC_LITERAL_CONVERSION = YES;
				CLANG_WARN_OBJC_ROOT_CLASS = YES_ERROR;
				CLANG_WARN_RANGE_LOOP_ANALYSIS = YES;
				CLANG_WARN_STRICT_PROTOTYPES = YES;
				CLANG_WARN_SUSPICIOUS_MOVE = YES;
				CLANG_WARN_UNREACHABLE_CODE = YES;
				CLANG_WARN__DUPLICATE_METHOD_MATCH = YES;
				"CODE_SIGN_IDENTITY[sdk=iphoneos*]" = "iPhone Developer";
				COPY_PHASE_STRIP = NO;
				DEBUG_INFORMATION_FORMAT = dwarf;
				ENABLE_STRICT_OBJC_MSGSEND = YES;
				ENABLE_TESTABILITY = YES;
				GCC_C_LANGUAGE_STANDARD = gnu99;
				GCC_DYNAMIC_NO_PIC = NO;
				GCC_NO_COMMON_BLOCKS = YES;
				GCC_OPTIMIZATION_LEVEL = 0;
				GCC_PREPROCESSOR_DEFINITIONS = (
					"DEBUG=1",
					"$(inherited)",
				);
				GCC_WARN_64_TO_32_BIT_CONVERSION = YES;
				GCC_WARN_ABOUT_RETURN_TYPE = YES_ERROR;
				GCC_WARN_UNDECLARED_SELECTOR = YES;
				GCC_WARN_UNINITIALIZED_AUTOS = YES_AGGRESSIVE;
				GCC_WARN_UNUSED_FUNCTION = YES;
				GCC_WARN_UNUSED_VARIABLE = YES;
				IPHONEOS_DEPLOYMENT_TARGET = 11.1;
				MTL_ENABLE_DEBUG_INFO = YES;
				ONLY_ACTIVE_ARCH = YES;
				SDKROOT = iphoneos;
				SWIFT_ACTIVE_COMPILATION_CONDITIONS = DEBUG;
				SWIFT_OPTIMIZATION_LEVEL = "-Onone";
				SWIFT_SWIFT3_OBJC_INFERENCE = Default;
				TARGETED_DEVICE_FAMILY = "1,2";
			};
			name = Debug;
		};
		1F5446DC1F6EDCA000FAA2FF /* Release */ = {
			isa = XCBuildConfiguration;
			buildSettings = {
				ALWAYS_SEARCH_USER_PATHS = NO;
				CLANG_ANALYZER_NONNULL = YES;
				CLANG_ANALYZER_NUMBER_OBJECT_CONVERSION = YES_AGGRESSIVE;
				CLANG_CXX_LANGUAGE_STANDARD = "gnu++0x";
				CLANG_CXX_LIBRARY = "libc++";
				CLANG_ENABLE_MODULES = YES;
				CLANG_ENABLE_OBJC_ARC = YES;
				CLANG_WARN_BLOCK_CAPTURE_AUTORELEASING = YES;
				CLANG_WARN_BOOL_CONVERSION = YES;
				CLANG_WARN_COMMA = YES;
				CLANG_WARN_CONSTANT_CONVERSION = YES;
				CLANG_WARN_DEPRECATED_OBJC_IMPLEMENTATIONS = YES;
				CLANG_WARN_DIRECT_OBJC_ISA_USAGE = YES_ERROR;
				CLANG_WARN_DOCUMENTATION_COMMENTS = YES;
				CLANG_WARN_EMPTY_BODY = YES;
				CLANG_WARN_ENUM_CONVERSION = YES;
				CLANG_WARN_INFINITE_RECURSION = YES;
				CLANG_WARN_INT_CONVERSION = YES;
				CLANG_WARN_NON_LITERAL_NULL_CONVERSION = YES;
				CLANG_WARN_OBJC_IMPLICIT_RETAIN_SELF = YES;
				CLANG_WARN_OBJC_LITERAL_CONVERSION = YES;
				CLANG_WARN_OBJC_ROOT_CLASS = YES_ERROR;
				CLANG_WARN_RANGE_LOOP_ANALYSIS = YES;
				CLANG_WARN_STRICT_PROTOTYPES = YES;
				CLANG_WARN_SUSPICIOUS_MOVE = YES;
				CLANG_WARN_UNREACHABLE_CODE = YES;
				CLANG_WARN__DUPLICATE_METHOD_MATCH = YES;
				"CODE_SIGN_IDENTITY[sdk=iphoneos*]" = "iPhone Developer";
				COPY_PHASE_STRIP = NO;
				DEBUG_INFORMATION_FORMAT = "dwarf-with-dsym";
				ENABLE_NS_ASSERTIONS = NO;
				ENABLE_STRICT_OBJC_MSGSEND = YES;
				GCC_C_LANGUAGE_STANDARD = gnu99;
				GCC_NO_COMMON_BLOCKS = YES;
				GCC_WARN_64_TO_32_BIT_CONVERSION = YES;
				GCC_WARN_ABOUT_RETURN_TYPE = YES_ERROR;
				GCC_WARN_UNDECLARED_SELECTOR = YES;
				GCC_WARN_UNINITIALIZED_AUTOS = YES_AGGRESSIVE;
				GCC_WARN_UNUSED_FUNCTION = YES;
				GCC_WARN_UNUSED_VARIABLE = YES;
				IPHONEOS_DEPLOYMENT_TARGET = 11.1;
				MTL_ENABLE_DEBUG_INFO = NO;
				SDKROOT = iphoneos;
				SWIFT_OPTIMIZATION_LEVEL = "-Owholemodule";
				SWIFT_SWIFT3_OBJC_INFERENCE = Default;
				TARGETED_DEVICE_FAMILY = "1,2";
				VALIDATE_PRODUCT = YES;
			};
			name = Release;
		};
		1F5446DE1F6EDCA000FAA2FF /* Debug */ = {
			isa = XCBuildConfiguration;
			baseConfigurationReference = 8A7DCEABC9A742D020D4FA6E /* Pods-vk.debug.xcconfig */;
			buildSettings = {
				ALWAYS_EMBED_SWIFT_STANDARD_LIBRARIES = YES;
				ASSETCATALOG_COMPILER_APPICON_NAME = AppIcon;
				CODE_SIGN_ENTITLEMENTS = vk/vk.entitlements;
				CODE_SIGN_IDENTITY = "iPhone Developer";
				"CODE_SIGN_IDENTITY[sdk=iphoneos*]" = "iPhone Developer";
				CODE_SIGN_STYLE = Automatic;
				DEVELOPMENT_TEAM = 62UUS6482X;
				INFOPLIST_FILE = vk/Info.plist;
				IPHONEOS_DEPLOYMENT_TARGET = 11.2;
				LD_RUNPATH_SEARCH_PATHS = "$(inherited) @executable_path/Frameworks";
				PRODUCT_BUNDLE_IDENTIFIER = Umbrella.vk;
				PRODUCT_NAME = "$(TARGET_NAME)";
				PROVISIONING_PROFILE_SPECIFIER = "";
				SWIFT_SWIFT3_OBJC_INFERENCE = Default;
				SWIFT_VERSION = 4.0;
			};
			name = Debug;
		};
		1F5446DF1F6EDCA000FAA2FF /* Release */ = {
			isa = XCBuildConfiguration;
			baseConfigurationReference = 016E847BB108BB55FF5C21D5 /* Pods-vk.release.xcconfig */;
			buildSettings = {
				ALWAYS_EMBED_SWIFT_STANDARD_LIBRARIES = YES;
				ASSETCATALOG_COMPILER_APPICON_NAME = AppIcon;
				CODE_SIGN_ENTITLEMENTS = vk/vk.entitlements;
				CODE_SIGN_IDENTITY = "iPhone Developer: booharin@me.com (7ZWPP66T8E)";
				"CODE_SIGN_IDENTITY[sdk=iphoneos*]" = "iPhone Developer: booharin@me.com (7ZWPP66T8E)";
				CODE_SIGN_STYLE = Automatic;
				DEVELOPMENT_TEAM = 62UUS6482X;
				INFOPLIST_FILE = vk/Info.plist;
				IPHONEOS_DEPLOYMENT_TARGET = 11.2;
				LD_RUNPATH_SEARCH_PATHS = "$(inherited) @executable_path/Frameworks";
				PRODUCT_BUNDLE_IDENTIFIER = Umbrella.vk;
				PRODUCT_NAME = "$(TARGET_NAME)";
				PROVISIONING_PROFILE_SPECIFIER = "";
				SWIFT_SWIFT3_OBJC_INFERENCE = Default;
				SWIFT_VERSION = 4.0;
			};
			name = Release;
		};
		1F9EB53E1FC896CC0070ABCB /* Debug */ = {
			isa = XCBuildConfiguration;
			buildSettings = {
				CLANG_CXX_LANGUAGE_STANDARD = "gnu++14";
				CLANG_WARN_UNGUARDED_AVAILABILITY = YES_AGGRESSIVE;
				CODE_SIGN_ENTITLEMENTS = ToDayVK/ToDayVK.entitlements;
				CODE_SIGN_IDENTITY = "iPhone Developer";
				"CODE_SIGN_IDENTITY[sdk=iphoneos*]" = "iPhone Developer";
				CODE_SIGN_STYLE = Automatic;
				DEVELOPMENT_TEAM = 62UUS6482X;
				GCC_C_LANGUAGE_STANDARD = gnu11;
				INFOPLIST_FILE = ToDayVK/Info.plist;
				IPHONEOS_DEPLOYMENT_TARGET = 11.1;
				LD_RUNPATH_SEARCH_PATHS = "$(inherited) @executable_path/Frameworks @executable_path/../../Frameworks";
				PRODUCT_BUNDLE_IDENTIFIER = Umbrella.vk.ToDayVK;
				PRODUCT_NAME = "$(TARGET_NAME)";
				PROVISIONING_PROFILE_SPECIFIER = "";
				SKIP_INSTALL = YES;
				SWIFT_VERSION = 4.0;
				TARGETED_DEVICE_FAMILY = "1,2";
			};
			name = Debug;
		};
		1F9EB53F1FC896CC0070ABCB /* Release */ = {
			isa = XCBuildConfiguration;
			buildSettings = {
				CLANG_CXX_LANGUAGE_STANDARD = "gnu++14";
				CLANG_WARN_UNGUARDED_AVAILABILITY = YES_AGGRESSIVE;
				CODE_SIGN_ENTITLEMENTS = ToDayVK/ToDayVK.entitlements;
				CODE_SIGN_IDENTITY = "iPhone Developer: booharin@me.com (7ZWPP66T8E)";
				"CODE_SIGN_IDENTITY[sdk=iphoneos*]" = "iPhone Developer";
				CODE_SIGN_STYLE = Automatic;
				DEVELOPMENT_TEAM = 62UUS6482X;
				GCC_C_LANGUAGE_STANDARD = gnu11;
				INFOPLIST_FILE = ToDayVK/Info.plist;
				IPHONEOS_DEPLOYMENT_TARGET = 11.1;
				LD_RUNPATH_SEARCH_PATHS = "$(inherited) @executable_path/Frameworks @executable_path/../../Frameworks";
				MTL_ENABLE_DEBUG_INFO = NO;
				PRODUCT_BUNDLE_IDENTIFIER = Umbrella.vk.ToDayVK;
				PRODUCT_NAME = "$(TARGET_NAME)";
				PROVISIONING_PROFILE_SPECIFIER = "";
				SKIP_INSTALL = YES;
				SWIFT_VERSION = 4.0;
				TARGETED_DEVICE_FAMILY = "1,2";
			};
			name = Release;
		};
		1FE040C91FD5754B00ADEAF3 /* Debug */ = {
			isa = XCBuildConfiguration;
			buildSettings = {
				ALWAYS_EMBED_SWIFT_STANDARD_LIBRARIES = YES;
				ASSETCATALOG_COMPILER_APPICON_NAME = AppIcon;
				CLANG_CXX_LANGUAGE_STANDARD = "gnu++14";
				CLANG_WARN_UNGUARDED_AVAILABILITY = YES_AGGRESSIVE;
				CODE_SIGN_ENTITLEMENTS = myWatch/myWatch.entitlements;
				CODE_SIGN_IDENTITY = "iPhone Developer";
				"CODE_SIGN_IDENTITY[sdk=iphoneos*]" = "iPhone Developer";
				CODE_SIGN_STYLE = Automatic;
				DEVELOPMENT_TEAM = 62UUS6482X;
				GCC_C_LANGUAGE_STANDARD = gnu11;
				IBSC_MODULE = myWatch_Extension;
				INFOPLIST_FILE = myWatch/Info.plist;
				PRODUCT_BUNDLE_IDENTIFIER = Umbrella.vk.watchkitapp;
				PRODUCT_NAME = "$(TARGET_NAME)";
				SDKROOT = watchos;
				SKIP_INSTALL = YES;
				SWIFT_VERSION = 4.0;
				TARGETED_DEVICE_FAMILY = 4;
				WATCHOS_DEPLOYMENT_TARGET = 4.1;
			};
			name = Debug;
		};
		1FE040CA1FD5754B00ADEAF3 /* Release */ = {
			isa = XCBuildConfiguration;
			buildSettings = {
				ALWAYS_EMBED_SWIFT_STANDARD_LIBRARIES = YES;
				ASSETCATALOG_COMPILER_APPICON_NAME = AppIcon;
				CLANG_CXX_LANGUAGE_STANDARD = "gnu++14";
				CLANG_WARN_UNGUARDED_AVAILABILITY = YES_AGGRESSIVE;
				CODE_SIGN_ENTITLEMENTS = myWatch/myWatch.entitlements;
				CODE_SIGN_IDENTITY = "iPhone Developer: booharin@me.com (7ZWPP66T8E)";
				"CODE_SIGN_IDENTITY[sdk=iphoneos*]" = "iPhone Developer: booharin@me.com (7ZWPP66T8E)";
				CODE_SIGN_STYLE = Automatic;
				DEVELOPMENT_TEAM = 62UUS6482X;
				GCC_C_LANGUAGE_STANDARD = gnu11;
				IBSC_MODULE = myWatch_Extension;
				INFOPLIST_FILE = myWatch/Info.plist;
				PRODUCT_BUNDLE_IDENTIFIER = Umbrella.vk.watchkitapp;
				PRODUCT_NAME = "$(TARGET_NAME)";
				SDKROOT = watchos;
				SKIP_INSTALL = YES;
				SWIFT_VERSION = 4.0;
				TARGETED_DEVICE_FAMILY = 4;
				WATCHOS_DEPLOYMENT_TARGET = 4.1;
			};
			name = Release;
		};
		1FE040CB1FD5754B00ADEAF3 /* Debug */ = {
			isa = XCBuildConfiguration;
			buildSettings = {
				ASSETCATALOG_COMPILER_COMPLICATION_NAME = Complication;
				CLANG_CXX_LANGUAGE_STANDARD = "gnu++14";
				CLANG_WARN_UNGUARDED_AVAILABILITY = YES_AGGRESSIVE;
				CODE_SIGN_ENTITLEMENTS = "myWatch Extension/myWatch Extension.entitlements";
				CODE_SIGN_STYLE = Automatic;
				DEVELOPMENT_TEAM = 62UUS6482X;
				GCC_C_LANGUAGE_STANDARD = gnu11;
				INFOPLIST_FILE = "myWatch Extension/Info.plist";
				LD_RUNPATH_SEARCH_PATHS = "$(inherited) @executable_path/Frameworks @executable_path/../../Frameworks";
				PRODUCT_BUNDLE_IDENTIFIER = Umbrella.vk.watchkitapp.watchkitextension;
				PRODUCT_NAME = "${TARGET_NAME}";
				SDKROOT = watchos;
				SKIP_INSTALL = YES;
				SWIFT_VERSION = 4.0;
				TARGETED_DEVICE_FAMILY = 4;
				WATCHOS_DEPLOYMENT_TARGET = 4.1;
			};
			name = Debug;
		};
		1FE040CC1FD5754B00ADEAF3 /* Release */ = {
			isa = XCBuildConfiguration;
			buildSettings = {
				ASSETCATALOG_COMPILER_COMPLICATION_NAME = Complication;
				CLANG_CXX_LANGUAGE_STANDARD = "gnu++14";
				CLANG_WARN_UNGUARDED_AVAILABILITY = YES_AGGRESSIVE;
				CODE_SIGN_ENTITLEMENTS = "myWatch Extension/myWatch Extension.entitlements";
				CODE_SIGN_STYLE = Automatic;
				DEVELOPMENT_TEAM = 62UUS6482X;
				GCC_C_LANGUAGE_STANDARD = gnu11;
				INFOPLIST_FILE = "myWatch Extension/Info.plist";
				LD_RUNPATH_SEARCH_PATHS = "$(inherited) @executable_path/Frameworks @executable_path/../../Frameworks";
				PRODUCT_BUNDLE_IDENTIFIER = Umbrella.vk.watchkitapp.watchkitextension;
				PRODUCT_NAME = "${TARGET_NAME}";
				SDKROOT = watchos;
				SKIP_INSTALL = YES;
				SWIFT_VERSION = 4.0;
				TARGETED_DEVICE_FAMILY = 4;
				WATCHOS_DEPLOYMENT_TARGET = 4.1;
			};
			name = Release;
		};
/* End XCBuildConfiguration section */

/* Begin XCConfigurationList section */
		1F14C1741FCDD2FE004221A3 /* Build configuration list for PBXNativeTarget "iMessageVK" */ = {
			isa = XCConfigurationList;
			buildConfigurations = (
				1F14C1721FCDD2FE004221A3 /* Debug */,
				1F14C1731FCDD2FE004221A3 /* Release */,
			);
			defaultConfigurationIsVisible = 0;
			defaultConfigurationName = Release;
		};
		1F5446C61F6EDC9F00FAA2FF /* Build configuration list for PBXProject "vk" */ = {
			isa = XCConfigurationList;
			buildConfigurations = (
				1F5446DB1F6EDCA000FAA2FF /* Debug */,
				1F5446DC1F6EDCA000FAA2FF /* Release */,
			);
			defaultConfigurationIsVisible = 0;
			defaultConfigurationName = Release;
		};
		1F5446DD1F6EDCA000FAA2FF /* Build configuration list for PBXNativeTarget "vk" */ = {
			isa = XCConfigurationList;
			buildConfigurations = (
				1F5446DE1F6EDCA000FAA2FF /* Debug */,
				1F5446DF1F6EDCA000FAA2FF /* Release */,
			);
			defaultConfigurationIsVisible = 0;
			defaultConfigurationName = Release;
		};
		1F9EB5401FC896CC0070ABCB /* Build configuration list for PBXNativeTarget "ToDayVK" */ = {
			isa = XCConfigurationList;
			buildConfigurations = (
				1F9EB53E1FC896CC0070ABCB /* Debug */,
				1F9EB53F1FC896CC0070ABCB /* Release */,
			);
			defaultConfigurationIsVisible = 0;
			defaultConfigurationName = Release;
		};
		1FE040CD1FD5754B00ADEAF3 /* Build configuration list for PBXNativeTarget "myWatch Extension" */ = {
			isa = XCConfigurationList;
			buildConfigurations = (
				1FE040CB1FD5754B00ADEAF3 /* Debug */,
				1FE040CC1FD5754B00ADEAF3 /* Release */,
			);
			defaultConfigurationIsVisible = 0;
			defaultConfigurationName = Release;
		};
		1FE040CF1FD5754B00ADEAF3 /* Build configuration list for PBXNativeTarget "myWatch" */ = {
			isa = XCConfigurationList;
			buildConfigurations = (
				1FE040C91FD5754B00ADEAF3 /* Debug */,
				1FE040CA1FD5754B00ADEAF3 /* Release */,
			);
			defaultConfigurationIsVisible = 0;
			defaultConfigurationName = Release;
		};
/* End XCConfigurationList section */
	};
	rootObject = 1F5446C31F6EDC9F00FAA2FF /* Project object */;
}
